// !$*UTF8*$!
{
	archiveVersion = 1;
	classes = {
	};
	objectVersion = 56;
	objects = {

/* Begin PBXBuildFile section */
		428034BD2B08792900237FDD /* GrowthGraphHeadCircumference.swift in Sources */ = {isa = PBXBuildFile; fileRef = 428034BC2B08792900237FDD /* GrowthGraphHeadCircumference.swift */; };
		428034E32B088A9600237FDD /* SegmentedControlView.swift in Sources */ = {isa = PBXBuildFile; fileRef = 428034DD2B088A9600237FDD /* SegmentedControlView.swift */; };
		428034E52B088A9600237FDD /* Test 2.swift in Sources */ = {isa = PBXBuildFile; fileRef = 428034DF2B088A9600237FDD /* Test 2.swift */; };
		428034E62B088A9600237FDD /* Test.swift in Sources */ = {isa = PBXBuildFile; fileRef = 428034E02B088A9600237FDD /* Test.swift */; };
		428034E72B088A9600237FDD /* RectPreference.swift in Sources */ = {isa = PBXBuildFile; fileRef = 428034E12B088A9600237FDD /* RectPreference.swift */; };
		428034E82B088A9600237FDD /* UnderlineModifier.swift in Sources */ = {isa = PBXBuildFile; fileRef = 428034E22B088A9600237FDD /* UnderlineModifier.swift */; };
		42D22CA42B013C310091E21D /* GifImage.swift in Sources */ = {isa = PBXBuildFile; fileRef = 42D22CA32B013C310091E21D /* GifImage.swift */; };
		42D22CA82B013CED0091E21D /* Loading.gif in Resources */ = {isa = PBXBuildFile; fileRef = 42D22CA72B013CED0091E21D /* Loading.gif */; };
		42D22CAE2B0140FC0091E21D /* LoadingViewMain.swift in Sources */ = {isa = PBXBuildFile; fileRef = 42D22CAD2B0140FC0091E21D /* LoadingViewMain.swift */; };
		42D22CB02B01B7780091E21D /* LoadingBarView.swift in Sources */ = {isa = PBXBuildFile; fileRef = 42D22CAF2B01B7780091E21D /* LoadingBarView.swift */; };
		42D22CB22B01DEC60091E21D /* ResultView.swift in Sources */ = {isa = PBXBuildFile; fileRef = 42D22CB12B01DEC60091E21D /* ResultView.swift */; };
		42D22CB42B01EBAB0091E21D /* EditDataSheet.swift in Sources */ = {isa = PBXBuildFile; fileRef = 42D22CB32B01EBAB0091E21D /* EditDataSheet.swift */; };
		42DD91082AFF857600820AF6 /* FAQSheet2.swift in Sources */ = {isa = PBXBuildFile; fileRef = 42DD91072AFF857600820AF6 /* FAQSheet2.swift */; };
		42DD910A2AFF860800820AF6 /* FAQSheet3.swift in Sources */ = {isa = PBXBuildFile; fileRef = 42DD91092AFF860800820AF6 /* FAQSheet3.swift */; };
		42DD910E2AFF87C300820AF6 /* FAQSheet4.swift in Sources */ = {isa = PBXBuildFile; fileRef = 42DD910D2AFF87C300820AF6 /* FAQSheet4.swift */; };
		42DD91102AFF8A0900820AF6 /* FAQSheet5.swift in Sources */ = {isa = PBXBuildFile; fileRef = 42DD910F2AFF8A0900820AF6 /* FAQSheet5.swift */; };
		42F8658C2B0213E500C03DC6 /* Inter-ExtraBold.ttf in Resources */ = {isa = PBXBuildFile; fileRef = 42D22CC12B020CDA0091E21D /* Inter-ExtraBold.ttf */; };
		42F8658D2B0213E500C03DC6 /* Inter-ExtraLight.ttf in Resources */ = {isa = PBXBuildFile; fileRef = 42D22CC02B020CDA0091E21D /* Inter-ExtraLight.ttf */; };
		42F8658E2B0213E500C03DC6 /* Inter-Bold.ttf in Resources */ = {isa = PBXBuildFile; fileRef = 42D22CBB2B020CDA0091E21D /* Inter-Bold.ttf */; };
		42F8658F2B0213E500C03DC6 /* Inter-Thin.ttf in Resources */ = {isa = PBXBuildFile; fileRef = 42D22CBF2B020CDA0091E21D /* Inter-Thin.ttf */; };
		42F865902B0213E500C03DC6 /* Inter-Medium.ttf in Resources */ = {isa = PBXBuildFile; fileRef = 42D22CBD2B020CDA0091E21D /* Inter-Medium.ttf */; };
		42F865912B0213E500C03DC6 /* Inter-VariableFont_slnt,wght.ttf in Resources */ = {isa = PBXBuildFile; fileRef = 42D22CB82B020CC70091E21D /* Inter-VariableFont_slnt,wght.ttf */; };
		42F865922B0213E500C03DC6 /* Inter-Black.ttf in Resources */ = {isa = PBXBuildFile; fileRef = 42D22CBA2B020CD90091E21D /* Inter-Black.ttf */; };
		42F865932B0213E500C03DC6 /* Inter-Light.ttf in Resources */ = {isa = PBXBuildFile; fileRef = 42D22CB92B020CD90091E21D /* Inter-Light.ttf */; };
		42F865942B0213E500C03DC6 /* Inter-Regular.ttf in Resources */ = {isa = PBXBuildFile; fileRef = 42D22CBC2B020CDA0091E21D /* Inter-Regular.ttf */; };
		42F865952B0213E500C03DC6 /* Inter-SemiBold.ttf in Resources */ = {isa = PBXBuildFile; fileRef = 42D22CBE2B020CDA0091E21D /* Inter-SemiBold.ttf */; };
		42F865A82B02187200C03DC6 /* Nunito-Light.ttf in Resources */ = {isa = PBXBuildFile; fileRef = 42F865982B02187200C03DC6 /* Nunito-Light.ttf */; };
		42F865A92B02187200C03DC6 /* Nunito-ExtraLight.ttf in Resources */ = {isa = PBXBuildFile; fileRef = 42F865992B02187200C03DC6 /* Nunito-ExtraLight.ttf */; };
		42F865AA2B02187200C03DC6 /* Nunito-Italic.ttf in Resources */ = {isa = PBXBuildFile; fileRef = 42F8659A2B02187200C03DC6 /* Nunito-Italic.ttf */; };
		42F865AB2B02187200C03DC6 /* Nunito-BoldItalic.ttf in Resources */ = {isa = PBXBuildFile; fileRef = 42F8659B2B02187200C03DC6 /* Nunito-BoldItalic.ttf */; };
		42F865AC2B02187200C03DC6 /* Nunito-BlackItalic.ttf in Resources */ = {isa = PBXBuildFile; fileRef = 42F8659C2B02187200C03DC6 /* Nunito-BlackItalic.ttf */; };
		42F865AD2B02187200C03DC6 /* Nunito-Regular.ttf in Resources */ = {isa = PBXBuildFile; fileRef = 42F8659D2B02187200C03DC6 /* Nunito-Regular.ttf */; };
		42F865AE2B02187200C03DC6 /* Nunito-SemiBold.ttf in Resources */ = {isa = PBXBuildFile; fileRef = 42F8659E2B02187200C03DC6 /* Nunito-SemiBold.ttf */; };
		42F865AF2B02187200C03DC6 /* Nunito-ExtraBold.ttf in Resources */ = {isa = PBXBuildFile; fileRef = 42F8659F2B02187200C03DC6 /* Nunito-ExtraBold.ttf */; };
		42F865B02B02187200C03DC6 /* Nunito-Bold.ttf in Resources */ = {isa = PBXBuildFile; fileRef = 42F865A02B02187200C03DC6 /* Nunito-Bold.ttf */; };
		42F865B12B02187200C03DC6 /* Nunito-MediumItalic.ttf in Resources */ = {isa = PBXBuildFile; fileRef = 42F865A12B02187200C03DC6 /* Nunito-MediumItalic.ttf */; };
		42F865B22B02187200C03DC6 /* Nunito-Medium.ttf in Resources */ = {isa = PBXBuildFile; fileRef = 42F865A22B02187200C03DC6 /* Nunito-Medium.ttf */; };
		42F865B32B02187200C03DC6 /* Nunito-ExtraBoldItalic.ttf in Resources */ = {isa = PBXBuildFile; fileRef = 42F865A32B02187200C03DC6 /* Nunito-ExtraBoldItalic.ttf */; };
		42F865B42B02187200C03DC6 /* Nunito-ExtraLightItalic.ttf in Resources */ = {isa = PBXBuildFile; fileRef = 42F865A42B02187200C03DC6 /* Nunito-ExtraLightItalic.ttf */; };
		42F865B52B02187200C03DC6 /* Nunito-SemiBoldItalic.ttf in Resources */ = {isa = PBXBuildFile; fileRef = 42F865A52B02187200C03DC6 /* Nunito-SemiBoldItalic.ttf */; };
		42F865B62B02187200C03DC6 /* Nunito-LightItalic.ttf in Resources */ = {isa = PBXBuildFile; fileRef = 42F865A62B02187200C03DC6 /* Nunito-LightItalic.ttf */; };
		42F865B72B02187200C03DC6 /* Nunito-Black.ttf in Resources */ = {isa = PBXBuildFile; fileRef = 42F865A72B02187200C03DC6 /* Nunito-Black.ttf */; };
		42F865BA2B0252B900C03DC6 /* Onboarding1View.swift in Sources */ = {isa = PBXBuildFile; fileRef = 42F865B92B0252B900C03DC6 /* Onboarding1View.swift */; };
		42F865BE2B025A1600C03DC6 /* Onboarding.swift in Sources */ = {isa = PBXBuildFile; fileRef = 42F865BD2B025A1600C03DC6 /* Onboarding.swift */; };
		42F865C02B026B8C00C03DC6 /* OnboardingMain.swift in Sources */ = {isa = PBXBuildFile; fileRef = 42F865BF2B026B8C00C03DC6 /* OnboardingMain.swift */; };
		42F865C42B03BBBE00C03DC6 /* SavedMenuCard.swift in Sources */ = {isa = PBXBuildFile; fileRef = 42F865C32B03BBBE00C03DC6 /* SavedMenuCard.swift */; };
		42F865C82B049EC200C03DC6 /* FAQTabView.swift in Sources */ = {isa = PBXBuildFile; fileRef = 42F865C72B049EC200C03DC6 /* FAQTabView.swift */; };
		42F865CA2B04AA8100C03DC6 /* HistoryView.swift in Sources */ = {isa = PBXBuildFile; fileRef = 42F865C92B04AA8100C03DC6 /* HistoryView.swift */; };
		42F865D02B05AFE900C03DC6 /* SummaryResultCard.swift in Sources */ = {isa = PBXBuildFile; fileRef = 42F865CF2B05AFE900C03DC6 /* SummaryResultCard.swift */; };
		42F865D42B08733800C03DC6 /* GrowthGraphWeight.swift in Sources */ = {isa = PBXBuildFile; fileRef = 42F865D32B08733800C03DC6 /* GrowthGraphWeight.swift */; };
		42F865D62B08745600C03DC6 /* GrowthGraphHeight.swift in Sources */ = {isa = PBXBuildFile; fileRef = 42F865D52B08745600C03DC6 /* GrowthGraphHeight.swift */; };
		8B01397C2AFC9EFD001FE3DE /* ProfileView.swift in Sources */ = {isa = PBXBuildFile; fileRef = 8B01397B2AFC9EFD001FE3DE /* ProfileView.swift */; };
		8B3194B42AD79DCF001DD2A1 /* TextView.swift in Sources */ = {isa = PBXBuildFile; fileRef = 8B3194B32AD79DCF001DD2A1 /* TextView.swift */; };
		8B3194BE2AD9CA83001DD2A1 /* TextCarbsFatProteinView.swift in Sources */ = {isa = PBXBuildFile; fileRef = 8B3194BD2AD9CA83001DD2A1 /* TextCarbsFatProteinView.swift */; };
		8B3194D22ADCFCDA001DD2A1 /* RecommendationItemView.swift in Sources */ = {isa = PBXBuildFile; fileRef = 8B3194D12ADCFCDA001DD2A1 /* RecommendationItemView.swift */; };
		8B3E1CF72AE0E167002B5BC6 /* CategoryItemView.swift in Sources */ = {isa = PBXBuildFile; fileRef = 8B3E1CF62AE0E167002B5BC6 /* CategoryItemView.swift */; };
		8B3E1D022AEF54C8002B5BC6 /* MealItemView.swift in Sources */ = {isa = PBXBuildFile; fileRef = 8B3E1D012AEF54C8002B5BC6 /* MealItemView.swift */; };
		8B3E1D052AF1E9B1002B5BC6 /* ProgressView.swift in Sources */ = {isa = PBXBuildFile; fileRef = 8B3E1D042AF1E9B1002B5BC6 /* ProgressView.swift */; };
		8B3E1D072AF1F0CF002B5BC6 /* MenuDetailView.swift in Sources */ = {isa = PBXBuildFile; fileRef = 8B3E1D062AF1F0CF002B5BC6 /* MenuDetailView.swift */; };
		8B3E1D092AF1FAD3002B5BC6 /* SummaryCardView.swift in Sources */ = {isa = PBXBuildFile; fileRef = 8B3E1D082AF1FAD3002B5BC6 /* SummaryCardView.swift */; };
		8B3E1D0B2AF20164002B5BC6 /* MenuDetailTabView.swift in Sources */ = {isa = PBXBuildFile; fileRef = 8B3E1D0A2AF20164002B5BC6 /* MenuDetailTabView.swift */; };
		8B7B2C542AC68855003F4C6F /* LMSLengthGirls.swift in Sources */ = {isa = PBXBuildFile; fileRef = 8B7B2C532AC68855003F4C6F /* LMSLengthGirls.swift */; };
		8B7B2C562AC6F989003F4C6F /* ZScoreCalculator.swift in Sources */ = {isa = PBXBuildFile; fileRef = 8B7B2C552AC6F989003F4C6F /* ZScoreCalculator.swift */; };
		8B7B2C582AC97E4F003F4C6F /* LMSLengthBoys.swift in Sources */ = {isa = PBXBuildFile; fileRef = 8B7B2C572AC97E4F003F4C6F /* LMSLengthBoys.swift */; };
		8B7B2C5A2AC98E4A003F4C6F /* LMSWeightGirls.swift in Sources */ = {isa = PBXBuildFile; fileRef = 8B7B2C592AC98E4A003F4C6F /* LMSWeightGirls.swift */; };
		8B7B2C5C2AC99033003F4C6F /* LMSWeightBoys.swift in Sources */ = {isa = PBXBuildFile; fileRef = 8B7B2C5B2AC99033003F4C6F /* LMSWeightBoys.swift */; };
		8B7B2C5E2ACA635F003F4C6F /* LMSData.swift in Sources */ = {isa = PBXBuildFile; fileRef = 8B7B2C5D2ACA635F003F4C6F /* LMSData.swift */; };
		8B7B2C602ACB10F1003F4C6F /* ZScoreResult.swift in Sources */ = {isa = PBXBuildFile; fileRef = 8B7B2C5F2ACB10F1003F4C6F /* ZScoreResult.swift */; };
		8B7B2C642ACD1C58003F4C6F /* InformationView.swift in Sources */ = {isa = PBXBuildFile; fileRef = 8B7B2C632ACD1C58003F4C6F /* InformationView.swift */; };
		8B7B2C702ACFB29E003F4C6F /* CaloriesNeededResult.swift in Sources */ = {isa = PBXBuildFile; fileRef = 8B7B2C6F2ACFB29E003F4C6F /* CaloriesNeededResult.swift */; };
		8B7B2C722ACFB85F003F4C6F /* CaloriesNeededCalculator.swift in Sources */ = {isa = PBXBuildFile; fileRef = 8B7B2C712ACFB85F003F4C6F /* CaloriesNeededCalculator.swift */; };
		8B7B2C762AD176C5003F4C6F /* LMSHeadGirls.swift in Sources */ = {isa = PBXBuildFile; fileRef = 8B7B2C752AD176C5003F4C6F /* LMSHeadGirls.swift */; };
		8B7B2C782AD17833003F4C6F /* LMSHeadBoys.swift in Sources */ = {isa = PBXBuildFile; fileRef = 8B7B2C772AD17833003F4C6F /* LMSHeadBoys.swift */; };
		8BD66E7E2AF89DF400420C25 /* DescriptionView.swift in Sources */ = {isa = PBXBuildFile; fileRef = 8BD66E7D2AF89DF400420C25 /* DescriptionView.swift */; };
		8BD66E802AF89F2200420C25 /* IngredientsView.swift in Sources */ = {isa = PBXBuildFile; fileRef = 8BD66E7F2AF89F2200420C25 /* IngredientsView.swift */; };
		8BD66E822AF89F3200420C25 /* HowToMakeView.swift in Sources */ = {isa = PBXBuildFile; fileRef = 8BD66E812AF89F3200420C25 /* HowToMakeView.swift */; };
		8BD66E842AF9E12300420C25 /* TextAccountView.swift in Sources */ = {isa = PBXBuildFile; fileRef = 8BD66E832AF9E12300420C25 /* TextAccountView.swift */; };
		8BD66E862AF9FB9300420C25 /* SecuredTextFieldView.swift in Sources */ = {isa = PBXBuildFile; fileRef = 8BD66E852AF9FB9300420C25 /* SecuredTextFieldView.swift */; };
		8BD66E882AF9FBE100420C25 /* SecureTextFieldParentProtocol.swift in Sources */ = {isa = PBXBuildFile; fileRef = 8BD66E872AF9FBE100420C25 /* SecureTextFieldParentProtocol.swift */; };
		8BD66E8A2AFBC4C300420C25 /* RequirementsPickerView.swift in Sources */ = {isa = PBXBuildFile; fileRef = 8BD66E892AFBC4C300420C25 /* RequirementsPickerView.swift */; };
		8BD66E8C2AFBC4FC00420C25 /* CheckboxToggleStyle.swift in Sources */ = {isa = PBXBuildFile; fileRef = 8BD66E8B2AFBC4FC00420C25 /* CheckboxToggleStyle.swift */; };
		8BD66E902AFBC55200420C25 /* AutheticationViewModel.swift in Sources */ = {isa = PBXBuildFile; fileRef = 8BD66E8F2AFBC55200420C25 /* AutheticationViewModel.swift */; };
		F12E59A02AC294C40073FB1A /* GoogleService-Info.plist in Resources */ = {isa = PBXBuildFile; fileRef = F12E599F2AC294C40073FB1A /* GoogleService-Info.plist */; };
		F12E59A22AC294EC0073FB1A /* FirebaseManager.swift in Sources */ = {isa = PBXBuildFile; fileRef = F12E59A12AC294EC0073FB1A /* FirebaseManager.swift */; };
		F12E59A42AC299E90073FB1A /* FirestoreManager.swift in Sources */ = {isa = PBXBuildFile; fileRef = F12E59A32AC299E90073FB1A /* FirestoreManager.swift */; };
		F12E59AD2AC33AEA0073FB1A /* Babies.swift in Sources */ = {isa = PBXBuildFile; fileRef = F12E59AC2AC33AEA0073FB1A /* Babies.swift */; };
		F12E59BA2AC341F90073FB1A /* Users.swift in Sources */ = {isa = PBXBuildFile; fileRef = F12E59B92AC341F90073FB1A /* Users.swift */; };
		F12E59BC2AC3D2290073FB1A /* BabyInputView.swift in Sources */ = {isa = PBXBuildFile; fileRef = F12E59BB2AC3D2290073FB1A /* BabyInputView.swift */; };
		F13B5D272B04857800341B94 /* SphereNode.swift in Sources */ = {isa = PBXBuildFile; fileRef = F13B5D202B04857800341B94 /* SphereNode.swift */; };
		F13B5D282B04857800341B94 /* ViewController+CoachingOverlay.swift in Sources */ = {isa = PBXBuildFile; fileRef = F13B5D212B04857800341B94 /* ViewController+CoachingOverlay.swift */; };
		F13B5D292B04857800341B94 /* RoundedButton.swift in Sources */ = {isa = PBXBuildFile; fileRef = F13B5D222B04857800341B94 /* RoundedButton.swift */; };
		F13B5D2A2B04857800341B94 /* Main.storyboard in Resources */ = {isa = PBXBuildFile; fileRef = F13B5D232B04857800341B94 /* Main.storyboard */; };
		F13B5D2B2B04857800341B94 /* ViewController.swift in Sources */ = {isa = PBXBuildFile; fileRef = F13B5D242B04857800341B94 /* ViewController.swift */; };
		F13B5D2C2B04857800341B94 /* AppDelegate.swift in Sources */ = {isa = PBXBuildFile; fileRef = F13B5D252B04857800341B94 /* AppDelegate.swift */; };
		F13B5D2D2B04857800341B94 /* Extensions.swift in Sources */ = {isa = PBXBuildFile; fileRef = F13B5D262B04857800341B94 /* Extensions.swift */; };
		F13B5D2F2B04868100341B94 /* ARKit Manager.swift in Sources */ = {isa = PBXBuildFile; fileRef = F13B5D2E2B04868100341B94 /* ARKit Manager.swift */; };
		F13B5D322B04E46D00341B94 /* b_age_headc.csv in Resources */ = {isa = PBXBuildFile; fileRef = F13B5D312B04E46D00341B94 /* b_age_headc.csv */; };
		F13B5D362B04E79900341B94 /* GraphView.swift in Sources */ = {isa = PBXBuildFile; fileRef = F13B5D352B04E79900341B94 /* GraphView.swift */; };
		F13B5D3A2B04F3AA00341B94 /* SwiftUICharts in Frameworks */ = {isa = PBXBuildFile; productRef = F13B5D392B04F3AA00341B94 /* SwiftUICharts */; };
		F13B5D442B05D12300341B94 /* b_age_length.csv in Resources */ = {isa = PBXBuildFile; fileRef = F13B5D3F2B05D12300341B94 /* b_age_length.csv */; };
		F13B5D452B05D12300341B94 /* g_age_length.csv in Resources */ = {isa = PBXBuildFile; fileRef = F13B5D402B05D12300341B94 /* g_age_length.csv */; };
		F13B5D462B05D12300341B94 /* b_age_weight.csv in Resources */ = {isa = PBXBuildFile; fileRef = F13B5D412B05D12300341B94 /* b_age_weight.csv */; };
		F13B5D472B05D12300341B94 /* g_age_weight.csv in Resources */ = {isa = PBXBuildFile; fileRef = F13B5D422B05D12300341B94 /* g_age_weight.csv */; };
		F13B5D482B05D12300341B94 /* g_age_headc.csv in Resources */ = {isa = PBXBuildFile; fileRef = F13B5D432B05D12300341B94 /* g_age_headc.csv */; };
		F13B5D4A2B065DF400341B94 /* AllergyView.swift in Sources */ = {isa = PBXBuildFile; fileRef = F13B5D492B065DF400341B94 /* AllergyView.swift */; };
		F13B5D4C2B068FD100341B94 /* FirebaseStorage in Frameworks */ = {isa = PBXBuildFile; productRef = F13B5D4B2B068FD100341B94 /* FirebaseStorage */; };
		F174A2EA2AEA0CD800CDA921 /* MenuView.swift in Sources */ = {isa = PBXBuildFile; fileRef = F174A2E92AEA0CD800CDA921 /* MenuView.swift */; };
		F174A2EC2AEA12B700CDA921 /* HeaderView.swift in Sources */ = {isa = PBXBuildFile; fileRef = F174A2EB2AEA12B700CDA921 /* HeaderView.swift */; };
		F174A2EF2AEA135E00CDA921 /* WeekStore.swift in Sources */ = {isa = PBXBuildFile; fileRef = F174A2EE2AEA135E00CDA921 /* WeekStore.swift */; };
		F174A2F12AEA139000CDA921 /* Week.swift in Sources */ = {isa = PBXBuildFile; fileRef = F174A2F02AEA139000CDA921 /* Week.swift */; };
		F1ABDF652AC28CA8005AAEC3 /* bitesizeApp.swift in Sources */ = {isa = PBXBuildFile; fileRef = F1ABDF642AC28CA8005AAEC3 /* bitesizeApp.swift */; };
		F1ABDF672AC28CA8005AAEC3 /* ContentView.swift in Sources */ = {isa = PBXBuildFile; fileRef = F1ABDF662AC28CA8005AAEC3 /* ContentView.swift */; };
		F1ABDF692AC28CA9005AAEC3 /* Assets.xcassets in Resources */ = {isa = PBXBuildFile; fileRef = F1ABDF682AC28CA9005AAEC3 /* Assets.xcassets */; };
		F1ABDF6C2AC28CA9005AAEC3 /* Preview Assets.xcassets in Resources */ = {isa = PBXBuildFile; fileRef = F1ABDF6B2AC28CA9005AAEC3 /* Preview Assets.xcassets */; };
		F1ABDF762AC28CA9005AAEC3 /* bitesizeTests.swift in Sources */ = {isa = PBXBuildFile; fileRef = F1ABDF752AC28CA9005AAEC3 /* bitesizeTests.swift */; };
		F1ABDF802AC28CA9005AAEC3 /* bitesizeUITests.swift in Sources */ = {isa = PBXBuildFile; fileRef = F1ABDF7F2AC28CA9005AAEC3 /* bitesizeUITests.swift */; };
		F1ABDF822AC28CA9005AAEC3 /* bitesizeUITestsLaunchTests.swift in Sources */ = {isa = PBXBuildFile; fileRef = F1ABDF812AC28CA9005AAEC3 /* bitesizeUITestsLaunchTests.swift */; };
		F1C5240D2AFF45C8005B69FA /* TermsandConditionsView.swift in Sources */ = {isa = PBXBuildFile; fileRef = F1C5240C2AFF45C8005B69FA /* TermsandConditionsView.swift */; };
		F1C5240F2AFF48A8005B69FA /* ProgressGrowthView.swift in Sources */ = {isa = PBXBuildFile; fileRef = F1C5240E2AFF48A8005B69FA /* ProgressGrowthView.swift */; };
		F1C524112AFF48F7005B69FA /* HeadView.swift in Sources */ = {isa = PBXBuildFile; fileRef = F1C524102AFF48F7005B69FA /* HeadView.swift */; };
		F1C524132AFF4903005B69FA /* HeightView.swift in Sources */ = {isa = PBXBuildFile; fileRef = F1C524122AFF4903005B69FA /* HeightView.swift */; };
		F1C524152AFF490F005B69FA /* WeightView.swift in Sources */ = {isa = PBXBuildFile; fileRef = F1C524142AFF490F005B69FA /* WeightView.swift */; };
		F1C524172AFF4920005B69FA /* ZScoreSheetHeadView.swift in Sources */ = {isa = PBXBuildFile; fileRef = F1C524162AFF4920005B69FA /* ZScoreSheetHeadView.swift */; };
		F1C524192AFF4931005B69FA /* ZScoreSheetHeightView.swift in Sources */ = {isa = PBXBuildFile; fileRef = F1C524182AFF4931005B69FA /* ZScoreSheetHeightView.swift */; };
		F1C5241B2AFF493F005B69FA /* ZScoreSheetView.swift in Sources */ = {isa = PBXBuildFile; fileRef = F1C5241A2AFF493F005B69FA /* ZScoreSheetView.swift */; };
		F1C5241D2AFF5E4D005B69FA /* EditProfileView.swift in Sources */ = {isa = PBXBuildFile; fileRef = F1C5241C2AFF5E4D005B69FA /* EditProfileView.swift */; };
		F1C5241F2AFF5E5A005B69FA /* FAQSheet1.swift in Sources */ = {isa = PBXBuildFile; fileRef = F1C5241E2AFF5E5A005B69FA /* FAQSheet1.swift */; };
		F1C524212AFF5E67005B69FA /* FAQView.swift in Sources */ = {isa = PBXBuildFile; fileRef = F1C524202AFF5E67005B69FA /* FAQView.swift */; };
		F1C524232AFF5E78005B69FA /* SavedMenuView.swift in Sources */ = {isa = PBXBuildFile; fileRef = F1C524222AFF5E78005B69FA /* SavedMenuView.swift */; };
		F1C524252AFF5E82005B69FA /* TermsView.swift in Sources */ = {isa = PBXBuildFile; fileRef = F1C524242AFF5E82005B69FA /* TermsView.swift */; };
		F1C524272AFF5E93005B69FA /* UserProfileCard.swift in Sources */ = {isa = PBXBuildFile; fileRef = F1C524262AFF5E93005B69FA /* UserProfileCard.swift */; };
		F1C524292AFF5E9E005B69FA /* YourAccountView.swift in Sources */ = {isa = PBXBuildFile; fileRef = F1C524282AFF5E9E005B69FA /* YourAccountView.swift */; };
		F1C5242B2AFF5F4D005B69FA /* AddDataSheet.swift in Sources */ = {isa = PBXBuildFile; fileRef = F1C5242A2AFF5F4D005B69FA /* AddDataSheet.swift */; };
		F1C5242E2AFF60D0005B69FA /* ProfileViewModel.swift in Sources */ = {isa = PBXBuildFile; fileRef = F1C5242D2AFF60D0005B69FA /* ProfileViewModel.swift */; };
		F1C524302AFF60FA005B69FA /* BabyUser.swift in Sources */ = {isa = PBXBuildFile; fileRef = F1C5242F2AFF60FA005B69FA /* BabyUser.swift */; };
		F1C524322B026B54005B69FA /* CategoryDetailView.swift in Sources */ = {isa = PBXBuildFile; fileRef = F1C524312B026B54005B69FA /* CategoryDetailView.swift */; };
		F1CBBF3A2ADD621C003A6B81 /* RegisterView.swift in Sources */ = {isa = PBXBuildFile; fileRef = F1CBBF392ADD621C003A6B81 /* RegisterView.swift */; };
		F1CBBF3C2ADD622B003A6B81 /* LoginView.swift in Sources */ = {isa = PBXBuildFile; fileRef = F1CBBF3B2ADD622B003A6B81 /* LoginView.swift */; };
		F1CBBF3F2ADD63FC003A6B81 /* RegisterManager.swift in Sources */ = {isa = PBXBuildFile; fileRef = F1CBBF3E2ADD63FC003A6B81 /* RegisterManager.swift */; };
		F1CBBF422ADD6539003A6B81 /* FirebaseAnalytics in Frameworks */ = {isa = PBXBuildFile; productRef = F1CBBF412ADD6539003A6B81 /* FirebaseAnalytics */; };
		F1CBBF442ADD6539003A6B81 /* FirebaseAuth in Frameworks */ = {isa = PBXBuildFile; productRef = F1CBBF432ADD6539003A6B81 /* FirebaseAuth */; };
		F1CBBF462ADD6539003A6B81 /* FirebaseAuthCombine-Community in Frameworks */ = {isa = PBXBuildFile; productRef = F1CBBF452ADD6539003A6B81 /* FirebaseAuthCombine-Community */; };
		F1CBBF482ADD6539003A6B81 /* FirebaseFirestore in Frameworks */ = {isa = PBXBuildFile; productRef = F1CBBF472ADD6539003A6B81 /* FirebaseFirestore */; };
		F1CBBF4A2ADD6539003A6B81 /* FirebaseFirestoreCombine-Community in Frameworks */ = {isa = PBXBuildFile; productRef = F1CBBF492ADD6539003A6B81 /* FirebaseFirestoreCombine-Community */; };
		F1CBBF4C2ADD6539003A6B81 /* FirebaseFirestoreSwift in Frameworks */ = {isa = PBXBuildFile; productRef = F1CBBF4B2ADD6539003A6B81 /* FirebaseFirestoreSwift */; };
		F1CBBF4E2ADD6859003A6B81 /* LoginManager.swift in Sources */ = {isa = PBXBuildFile; fileRef = F1CBBF4D2ADD6859003A6B81 /* LoginManager.swift */; };
		F1CBBF512ADD6C59003A6B81 /* UserManager.swift in Sources */ = {isa = PBXBuildFile; fileRef = F1CBBF502ADD6C59003A6B81 /* UserManager.swift */; };
		F1DA47102AD2B95A008BE71D /* Bahan.swift in Sources */ = {isa = PBXBuildFile; fileRef = F1DA470F2AD2B95A008BE71D /* Bahan.swift */; };
		F1DA47122AD2DBBB008BE71D /* HomeView.swift in Sources */ = {isa = PBXBuildFile; fileRef = F1DA47112AD2DBBB008BE71D /* HomeView.swift */; };
		F1DA471A2AD30383008BE71D /* Menu.swift in Sources */ = {isa = PBXBuildFile; fileRef = F1DA47192AD30383008BE71D /* Menu.swift */; };
/* End PBXBuildFile section */

/* Begin PBXContainerItemProxy section */
		F1ABDF722AC28CA9005AAEC3 /* PBXContainerItemProxy */ = {
			isa = PBXContainerItemProxy;
			containerPortal = F1ABDF592AC28CA8005AAEC3 /* Project object */;
			proxyType = 1;
			remoteGlobalIDString = F1ABDF602AC28CA8005AAEC3;
			remoteInfo = bitesize;
		};
		F1ABDF7C2AC28CA9005AAEC3 /* PBXContainerItemProxy */ = {
			isa = PBXContainerItemProxy;
			containerPortal = F1ABDF592AC28CA8005AAEC3 /* Project object */;
			proxyType = 1;
			remoteGlobalIDString = F1ABDF602AC28CA8005AAEC3;
			remoteInfo = bitesize;
		};
/* End PBXContainerItemProxy section */

/* Begin PBXFileReference section */
		428034BC2B08792900237FDD /* GrowthGraphHeadCircumference.swift */ = {isa = PBXFileReference; lastKnownFileType = sourcecode.swift; path = GrowthGraphHeadCircumference.swift; sourceTree = "<group>"; };
		428034DD2B088A9600237FDD /* SegmentedControlView.swift */ = {isa = PBXFileReference; fileEncoding = 4; lastKnownFileType = sourcecode.swift; path = SegmentedControlView.swift; sourceTree = "<group>"; };
		428034DF2B088A9600237FDD /* Test 2.swift */ = {isa = PBXFileReference; fileEncoding = 4; lastKnownFileType = sourcecode.swift; path = "Test 2.swift"; sourceTree = "<group>"; };
		428034E02B088A9600237FDD /* Test.swift */ = {isa = PBXFileReference; fileEncoding = 4; lastKnownFileType = sourcecode.swift; path = Test.swift; sourceTree = "<group>"; };
		428034E12B088A9600237FDD /* RectPreference.swift */ = {isa = PBXFileReference; fileEncoding = 4; lastKnownFileType = sourcecode.swift; path = RectPreference.swift; sourceTree = "<group>"; };
		428034E22B088A9600237FDD /* UnderlineModifier.swift */ = {isa = PBXFileReference; fileEncoding = 4; lastKnownFileType = sourcecode.swift; path = UnderlineModifier.swift; sourceTree = "<group>"; };
		428034E92B08D1CB00237FDD /* ManageAccountView.swift */ = {isa = PBXFileReference; lastKnownFileType = sourcecode.swift; path = ManageAccountView.swift; sourceTree = "<group>"; };
		42D22CA32B013C310091E21D /* GifImage.swift */ = {isa = PBXFileReference; lastKnownFileType = sourcecode.swift; path = GifImage.swift; sourceTree = "<group>"; };
		42D22CA72B013CED0091E21D /* Loading.gif */ = {isa = PBXFileReference; lastKnownFileType = image.gif; path = Loading.gif; sourceTree = "<group>"; };
		42D22CAD2B0140FC0091E21D /* LoadingViewMain.swift */ = {isa = PBXFileReference; lastKnownFileType = sourcecode.swift; path = LoadingViewMain.swift; sourceTree = "<group>"; };
		42D22CAF2B01B7780091E21D /* LoadingBarView.swift */ = {isa = PBXFileReference; lastKnownFileType = sourcecode.swift; path = LoadingBarView.swift; sourceTree = "<group>"; };
		42D22CB12B01DEC60091E21D /* ResultView.swift */ = {isa = PBXFileReference; lastKnownFileType = sourcecode.swift; path = ResultView.swift; sourceTree = "<group>"; };
		42D22CB32B01EBAB0091E21D /* EditDataSheet.swift */ = {isa = PBXFileReference; lastKnownFileType = sourcecode.swift; path = EditDataSheet.swift; sourceTree = "<group>"; };
		42D22CB82B020CC70091E21D /* Inter-VariableFont_slnt,wght.ttf */ = {isa = PBXFileReference; lastKnownFileType = file; path = "Inter-VariableFont_slnt,wght.ttf"; sourceTree = "<group>"; };
		42D22CB92B020CD90091E21D /* Inter-Light.ttf */ = {isa = PBXFileReference; lastKnownFileType = file; path = "Inter-Light.ttf"; sourceTree = "<group>"; };
		42D22CBA2B020CD90091E21D /* Inter-Black.ttf */ = {isa = PBXFileReference; lastKnownFileType = file; path = "Inter-Black.ttf"; sourceTree = "<group>"; };
		42D22CBB2B020CDA0091E21D /* Inter-Bold.ttf */ = {isa = PBXFileReference; lastKnownFileType = file; path = "Inter-Bold.ttf"; sourceTree = "<group>"; };
		42D22CBC2B020CDA0091E21D /* Inter-Regular.ttf */ = {isa = PBXFileReference; lastKnownFileType = file; path = "Inter-Regular.ttf"; sourceTree = "<group>"; };
		42D22CBD2B020CDA0091E21D /* Inter-Medium.ttf */ = {isa = PBXFileReference; lastKnownFileType = file; path = "Inter-Medium.ttf"; sourceTree = "<group>"; };
		42D22CBE2B020CDA0091E21D /* Inter-SemiBold.ttf */ = {isa = PBXFileReference; lastKnownFileType = file; path = "Inter-SemiBold.ttf"; sourceTree = "<group>"; };
		42D22CBF2B020CDA0091E21D /* Inter-Thin.ttf */ = {isa = PBXFileReference; lastKnownFileType = file; path = "Inter-Thin.ttf"; sourceTree = "<group>"; };
		42D22CC02B020CDA0091E21D /* Inter-ExtraLight.ttf */ = {isa = PBXFileReference; lastKnownFileType = file; path = "Inter-ExtraLight.ttf"; sourceTree = "<group>"; };
		42D22CC12B020CDA0091E21D /* Inter-ExtraBold.ttf */ = {isa = PBXFileReference; lastKnownFileType = file; path = "Inter-ExtraBold.ttf"; sourceTree = "<group>"; };
		42D22CC22B020D880091E21D /* Info.plist */ = {isa = PBXFileReference; lastKnownFileType = text.plist; path = Info.plist; sourceTree = "<group>"; };
		42DD91072AFF857600820AF6 /* FAQSheet2.swift */ = {isa = PBXFileReference; lastKnownFileType = sourcecode.swift; path = FAQSheet2.swift; sourceTree = "<group>"; };
		42DD91092AFF860800820AF6 /* FAQSheet3.swift */ = {isa = PBXFileReference; lastKnownFileType = sourcecode.swift; path = FAQSheet3.swift; sourceTree = "<group>"; };
		42DD910D2AFF87C300820AF6 /* FAQSheet4.swift */ = {isa = PBXFileReference; lastKnownFileType = sourcecode.swift; path = FAQSheet4.swift; sourceTree = "<group>"; };
		42DD910F2AFF8A0900820AF6 /* FAQSheet5.swift */ = {isa = PBXFileReference; lastKnownFileType = sourcecode.swift; path = FAQSheet5.swift; sourceTree = "<group>"; };
		42F865982B02187200C03DC6 /* Nunito-Light.ttf */ = {isa = PBXFileReference; lastKnownFileType = file; path = "Nunito-Light.ttf"; sourceTree = "<group>"; };
		42F865992B02187200C03DC6 /* Nunito-ExtraLight.ttf */ = {isa = PBXFileReference; lastKnownFileType = file; path = "Nunito-ExtraLight.ttf"; sourceTree = "<group>"; };
		42F8659A2B02187200C03DC6 /* Nunito-Italic.ttf */ = {isa = PBXFileReference; lastKnownFileType = file; path = "Nunito-Italic.ttf"; sourceTree = "<group>"; };
		42F8659B2B02187200C03DC6 /* Nunito-BoldItalic.ttf */ = {isa = PBXFileReference; lastKnownFileType = file; path = "Nunito-BoldItalic.ttf"; sourceTree = "<group>"; };
		42F8659C2B02187200C03DC6 /* Nunito-BlackItalic.ttf */ = {isa = PBXFileReference; lastKnownFileType = file; path = "Nunito-BlackItalic.ttf"; sourceTree = "<group>"; };
		42F8659D2B02187200C03DC6 /* Nunito-Regular.ttf */ = {isa = PBXFileReference; lastKnownFileType = file; path = "Nunito-Regular.ttf"; sourceTree = "<group>"; };
		42F8659E2B02187200C03DC6 /* Nunito-SemiBold.ttf */ = {isa = PBXFileReference; lastKnownFileType = file; path = "Nunito-SemiBold.ttf"; sourceTree = "<group>"; };
		42F8659F2B02187200C03DC6 /* Nunito-ExtraBold.ttf */ = {isa = PBXFileReference; lastKnownFileType = file; path = "Nunito-ExtraBold.ttf"; sourceTree = "<group>"; };
		42F865A02B02187200C03DC6 /* Nunito-Bold.ttf */ = {isa = PBXFileReference; lastKnownFileType = file; path = "Nunito-Bold.ttf"; sourceTree = "<group>"; };
		42F865A12B02187200C03DC6 /* Nunito-MediumItalic.ttf */ = {isa = PBXFileReference; lastKnownFileType = file; path = "Nunito-MediumItalic.ttf"; sourceTree = "<group>"; };
		42F865A22B02187200C03DC6 /* Nunito-Medium.ttf */ = {isa = PBXFileReference; lastKnownFileType = file; path = "Nunito-Medium.ttf"; sourceTree = "<group>"; };
		42F865A32B02187200C03DC6 /* Nunito-ExtraBoldItalic.ttf */ = {isa = PBXFileReference; lastKnownFileType = file; path = "Nunito-ExtraBoldItalic.ttf"; sourceTree = "<group>"; };
		42F865A42B02187200C03DC6 /* Nunito-ExtraLightItalic.ttf */ = {isa = PBXFileReference; lastKnownFileType = file; path = "Nunito-ExtraLightItalic.ttf"; sourceTree = "<group>"; };
		42F865A52B02187200C03DC6 /* Nunito-SemiBoldItalic.ttf */ = {isa = PBXFileReference; lastKnownFileType = file; path = "Nunito-SemiBoldItalic.ttf"; sourceTree = "<group>"; };
		42F865A62B02187200C03DC6 /* Nunito-LightItalic.ttf */ = {isa = PBXFileReference; lastKnownFileType = file; path = "Nunito-LightItalic.ttf"; sourceTree = "<group>"; };
		42F865A72B02187200C03DC6 /* Nunito-Black.ttf */ = {isa = PBXFileReference; lastKnownFileType = file; path = "Nunito-Black.ttf"; sourceTree = "<group>"; };
		42F865B92B0252B900C03DC6 /* Onboarding1View.swift */ = {isa = PBXFileReference; lastKnownFileType = sourcecode.swift; path = Onboarding1View.swift; sourceTree = "<group>"; };
		42F865BD2B025A1600C03DC6 /* Onboarding.swift */ = {isa = PBXFileReference; lastKnownFileType = sourcecode.swift; path = Onboarding.swift; sourceTree = "<group>"; };
		42F865BF2B026B8C00C03DC6 /* OnboardingMain.swift */ = {isa = PBXFileReference; lastKnownFileType = sourcecode.swift; path = OnboardingMain.swift; sourceTree = "<group>"; };
		42F865C32B03BBBE00C03DC6 /* SavedMenuCard.swift */ = {isa = PBXFileReference; lastKnownFileType = sourcecode.swift; path = SavedMenuCard.swift; sourceTree = "<group>"; };
		42F865C72B049EC200C03DC6 /* FAQTabView.swift */ = {isa = PBXFileReference; lastKnownFileType = sourcecode.swift; path = FAQTabView.swift; sourceTree = "<group>"; };
		42F865C92B04AA8100C03DC6 /* HistoryView.swift */ = {isa = PBXFileReference; lastKnownFileType = sourcecode.swift; path = HistoryView.swift; sourceTree = "<group>"; };
		42F865CF2B05AFE900C03DC6 /* SummaryResultCard.swift */ = {isa = PBXFileReference; lastKnownFileType = sourcecode.swift; path = SummaryResultCard.swift; sourceTree = "<group>"; };
		42F865D32B08733800C03DC6 /* GrowthGraphWeight.swift */ = {isa = PBXFileReference; lastKnownFileType = sourcecode.swift; path = GrowthGraphWeight.swift; sourceTree = "<group>"; };
		42F865D52B08745600C03DC6 /* GrowthGraphHeight.swift */ = {isa = PBXFileReference; lastKnownFileType = sourcecode.swift; path = GrowthGraphHeight.swift; sourceTree = "<group>"; };
		8B01397B2AFC9EFD001FE3DE /* ProfileView.swift */ = {isa = PBXFileReference; lastKnownFileType = sourcecode.swift; path = ProfileView.swift; sourceTree = "<group>"; };
		8B3194B32AD79DCF001DD2A1 /* TextView.swift */ = {isa = PBXFileReference; lastKnownFileType = sourcecode.swift; path = TextView.swift; sourceTree = "<group>"; };
		8B3194BD2AD9CA83001DD2A1 /* TextCarbsFatProteinView.swift */ = {isa = PBXFileReference; lastKnownFileType = sourcecode.swift; path = TextCarbsFatProteinView.swift; sourceTree = "<group>"; };
		8B3194D12ADCFCDA001DD2A1 /* RecommendationItemView.swift */ = {isa = PBXFileReference; lastKnownFileType = sourcecode.swift; path = RecommendationItemView.swift; sourceTree = "<group>"; };
		8B3E1CF62AE0E167002B5BC6 /* CategoryItemView.swift */ = {isa = PBXFileReference; lastKnownFileType = sourcecode.swift; path = CategoryItemView.swift; sourceTree = "<group>"; };
		8B3E1D012AEF54C8002B5BC6 /* MealItemView.swift */ = {isa = PBXFileReference; lastKnownFileType = sourcecode.swift; path = MealItemView.swift; sourceTree = "<group>"; };
		8B3E1D042AF1E9B1002B5BC6 /* ProgressView.swift */ = {isa = PBXFileReference; lastKnownFileType = sourcecode.swift; path = ProgressView.swift; sourceTree = "<group>"; };
		8B3E1D062AF1F0CF002B5BC6 /* MenuDetailView.swift */ = {isa = PBXFileReference; lastKnownFileType = sourcecode.swift; path = MenuDetailView.swift; sourceTree = "<group>"; };
		8B3E1D082AF1FAD3002B5BC6 /* SummaryCardView.swift */ = {isa = PBXFileReference; lastKnownFileType = sourcecode.swift; path = SummaryCardView.swift; sourceTree = "<group>"; };
		8B3E1D0A2AF20164002B5BC6 /* MenuDetailTabView.swift */ = {isa = PBXFileReference; lastKnownFileType = sourcecode.swift; path = MenuDetailTabView.swift; sourceTree = "<group>"; };
		8B7B2C532AC68855003F4C6F /* LMSLengthGirls.swift */ = {isa = PBXFileReference; lastKnownFileType = sourcecode.swift; path = LMSLengthGirls.swift; sourceTree = "<group>"; };
		8B7B2C552AC6F989003F4C6F /* ZScoreCalculator.swift */ = {isa = PBXFileReference; lastKnownFileType = sourcecode.swift; path = ZScoreCalculator.swift; sourceTree = "<group>"; };
		8B7B2C572AC97E4F003F4C6F /* LMSLengthBoys.swift */ = {isa = PBXFileReference; lastKnownFileType = sourcecode.swift; path = LMSLengthBoys.swift; sourceTree = "<group>"; };
		8B7B2C592AC98E4A003F4C6F /* LMSWeightGirls.swift */ = {isa = PBXFileReference; lastKnownFileType = sourcecode.swift; path = LMSWeightGirls.swift; sourceTree = "<group>"; };
		8B7B2C5B2AC99033003F4C6F /* LMSWeightBoys.swift */ = {isa = PBXFileReference; lastKnownFileType = sourcecode.swift; path = LMSWeightBoys.swift; sourceTree = "<group>"; };
		8B7B2C5D2ACA635F003F4C6F /* LMSData.swift */ = {isa = PBXFileReference; lastKnownFileType = sourcecode.swift; path = LMSData.swift; sourceTree = "<group>"; };
		8B7B2C5F2ACB10F1003F4C6F /* ZScoreResult.swift */ = {isa = PBXFileReference; lastKnownFileType = sourcecode.swift; path = ZScoreResult.swift; sourceTree = "<group>"; };
		8B7B2C632ACD1C58003F4C6F /* InformationView.swift */ = {isa = PBXFileReference; lastKnownFileType = sourcecode.swift; path = InformationView.swift; sourceTree = "<group>"; };
		8B7B2C6F2ACFB29E003F4C6F /* CaloriesNeededResult.swift */ = {isa = PBXFileReference; lastKnownFileType = sourcecode.swift; path = CaloriesNeededResult.swift; sourceTree = "<group>"; };
		8B7B2C712ACFB85F003F4C6F /* CaloriesNeededCalculator.swift */ = {isa = PBXFileReference; lastKnownFileType = sourcecode.swift; path = CaloriesNeededCalculator.swift; sourceTree = "<group>"; };
		8B7B2C752AD176C5003F4C6F /* LMSHeadGirls.swift */ = {isa = PBXFileReference; lastKnownFileType = sourcecode.swift; path = LMSHeadGirls.swift; sourceTree = "<group>"; };
		8B7B2C772AD17833003F4C6F /* LMSHeadBoys.swift */ = {isa = PBXFileReference; lastKnownFileType = sourcecode.swift; path = LMSHeadBoys.swift; sourceTree = "<group>"; };
		8BD66E7D2AF89DF400420C25 /* DescriptionView.swift */ = {isa = PBXFileReference; lastKnownFileType = sourcecode.swift; path = DescriptionView.swift; sourceTree = "<group>"; };
		8BD66E7F2AF89F2200420C25 /* IngredientsView.swift */ = {isa = PBXFileReference; lastKnownFileType = sourcecode.swift; path = IngredientsView.swift; sourceTree = "<group>"; };
		8BD66E812AF89F3200420C25 /* HowToMakeView.swift */ = {isa = PBXFileReference; lastKnownFileType = sourcecode.swift; path = HowToMakeView.swift; sourceTree = "<group>"; };
		8BD66E832AF9E12300420C25 /* TextAccountView.swift */ = {isa = PBXFileReference; lastKnownFileType = sourcecode.swift; path = TextAccountView.swift; sourceTree = "<group>"; };
		8BD66E852AF9FB9300420C25 /* SecuredTextFieldView.swift */ = {isa = PBXFileReference; lastKnownFileType = sourcecode.swift; path = SecuredTextFieldView.swift; sourceTree = "<group>"; };
		8BD66E872AF9FBE100420C25 /* SecureTextFieldParentProtocol.swift */ = {isa = PBXFileReference; lastKnownFileType = sourcecode.swift; path = SecureTextFieldParentProtocol.swift; sourceTree = "<group>"; };
		8BD66E892AFBC4C300420C25 /* RequirementsPickerView.swift */ = {isa = PBXFileReference; lastKnownFileType = sourcecode.swift; path = RequirementsPickerView.swift; sourceTree = "<group>"; };
		8BD66E8B2AFBC4FC00420C25 /* CheckboxToggleStyle.swift */ = {isa = PBXFileReference; lastKnownFileType = sourcecode.swift; path = CheckboxToggleStyle.swift; sourceTree = "<group>"; };
		8BD66E8F2AFBC55200420C25 /* AutheticationViewModel.swift */ = {isa = PBXFileReference; lastKnownFileType = sourcecode.swift; path = AutheticationViewModel.swift; sourceTree = "<group>"; };
		8BD66E912AFBFD6700420C25 /* bitesize.entitlements */ = {isa = PBXFileReference; lastKnownFileType = text.plist.entitlements; path = bitesize.entitlements; sourceTree = "<group>"; };
		F12E599F2AC294C40073FB1A /* GoogleService-Info.plist */ = {isa = PBXFileReference; fileEncoding = 4; lastKnownFileType = text.plist.xml; path = "GoogleService-Info.plist"; sourceTree = "<group>"; };
		F12E59A12AC294EC0073FB1A /* FirebaseManager.swift */ = {isa = PBXFileReference; lastKnownFileType = sourcecode.swift; path = FirebaseManager.swift; sourceTree = "<group>"; };
		F12E59A32AC299E90073FB1A /* FirestoreManager.swift */ = {isa = PBXFileReference; lastKnownFileType = sourcecode.swift; path = FirestoreManager.swift; sourceTree = "<group>"; };
		F12E59AC2AC33AEA0073FB1A /* Babies.swift */ = {isa = PBXFileReference; lastKnownFileType = sourcecode.swift; path = Babies.swift; sourceTree = "<group>"; };
		F12E59B92AC341F90073FB1A /* Users.swift */ = {isa = PBXFileReference; lastKnownFileType = sourcecode.swift; path = Users.swift; sourceTree = "<group>"; };
		F12E59BB2AC3D2290073FB1A /* BabyInputView.swift */ = {isa = PBXFileReference; lastKnownFileType = sourcecode.swift; path = BabyInputView.swift; sourceTree = "<group>"; };
		F13B5D202B04857800341B94 /* SphereNode.swift */ = {isa = PBXFileReference; fileEncoding = 4; lastKnownFileType = sourcecode.swift; path = SphereNode.swift; sourceTree = "<group>"; };
		F13B5D212B04857800341B94 /* ViewController+CoachingOverlay.swift */ = {isa = PBXFileReference; fileEncoding = 4; lastKnownFileType = sourcecode.swift; path = "ViewController+CoachingOverlay.swift"; sourceTree = "<group>"; };
		F13B5D222B04857800341B94 /* RoundedButton.swift */ = {isa = PBXFileReference; fileEncoding = 4; lastKnownFileType = sourcecode.swift; path = RoundedButton.swift; sourceTree = "<group>"; };
		F13B5D232B04857800341B94 /* Main.storyboard */ = {isa = PBXFileReference; fileEncoding = 4; lastKnownFileType = file.storyboard; path = Main.storyboard; sourceTree = "<group>"; };
		F13B5D242B04857800341B94 /* ViewController.swift */ = {isa = PBXFileReference; fileEncoding = 4; lastKnownFileType = sourcecode.swift; path = ViewController.swift; sourceTree = "<group>"; };
		F13B5D252B04857800341B94 /* AppDelegate.swift */ = {isa = PBXFileReference; fileEncoding = 4; lastKnownFileType = sourcecode.swift; path = AppDelegate.swift; sourceTree = "<group>"; };
		F13B5D262B04857800341B94 /* Extensions.swift */ = {isa = PBXFileReference; fileEncoding = 4; lastKnownFileType = sourcecode.swift; path = Extensions.swift; sourceTree = "<group>"; };
		F13B5D2E2B04868100341B94 /* ARKit Manager.swift */ = {isa = PBXFileReference; lastKnownFileType = sourcecode.swift; path = "ARKit Manager.swift"; sourceTree = "<group>"; };
		F13B5D312B04E46D00341B94 /* b_age_headc.csv */ = {isa = PBXFileReference; fileEncoding = 4; lastKnownFileType = text; path = b_age_headc.csv; sourceTree = "<group>"; };
		F13B5D352B04E79900341B94 /* GraphView.swift */ = {isa = PBXFileReference; lastKnownFileType = sourcecode.swift; path = GraphView.swift; sourceTree = "<group>"; };
		F13B5D3F2B05D12300341B94 /* b_age_length.csv */ = {isa = PBXFileReference; fileEncoding = 4; lastKnownFileType = text; path = b_age_length.csv; sourceTree = "<group>"; };
		F13B5D402B05D12300341B94 /* g_age_length.csv */ = {isa = PBXFileReference; fileEncoding = 4; lastKnownFileType = text; path = g_age_length.csv; sourceTree = "<group>"; };
		F13B5D412B05D12300341B94 /* b_age_weight.csv */ = {isa = PBXFileReference; fileEncoding = 4; lastKnownFileType = text; path = b_age_weight.csv; sourceTree = "<group>"; };
		F13B5D422B05D12300341B94 /* g_age_weight.csv */ = {isa = PBXFileReference; fileEncoding = 4; lastKnownFileType = text; path = g_age_weight.csv; sourceTree = "<group>"; };
		F13B5D432B05D12300341B94 /* g_age_headc.csv */ = {isa = PBXFileReference; fileEncoding = 4; lastKnownFileType = text; path = g_age_headc.csv; sourceTree = "<group>"; };
		F13B5D492B065DF400341B94 /* AllergyView.swift */ = {isa = PBXFileReference; lastKnownFileType = sourcecode.swift; path = AllergyView.swift; sourceTree = "<group>"; };
		F174A2E92AEA0CD800CDA921 /* MenuView.swift */ = {isa = PBXFileReference; lastKnownFileType = sourcecode.swift; path = MenuView.swift; sourceTree = "<group>"; };
		F174A2EB2AEA12B700CDA921 /* HeaderView.swift */ = {isa = PBXFileReference; lastKnownFileType = sourcecode.swift; path = HeaderView.swift; sourceTree = "<group>"; };
		F174A2EE2AEA135E00CDA921 /* WeekStore.swift */ = {isa = PBXFileReference; lastKnownFileType = sourcecode.swift; path = WeekStore.swift; sourceTree = "<group>"; };
		F174A2F02AEA139000CDA921 /* Week.swift */ = {isa = PBXFileReference; lastKnownFileType = sourcecode.swift; path = Week.swift; sourceTree = "<group>"; };
		F1ABDF612AC28CA8005AAEC3 /* bitesize.app */ = {isa = PBXFileReference; explicitFileType = wrapper.application; includeInIndex = 0; path = bitesize.app; sourceTree = BUILT_PRODUCTS_DIR; };
		F1ABDF642AC28CA8005AAEC3 /* bitesizeApp.swift */ = {isa = PBXFileReference; lastKnownFileType = sourcecode.swift; path = bitesizeApp.swift; sourceTree = "<group>"; };
		F1ABDF662AC28CA8005AAEC3 /* ContentView.swift */ = {isa = PBXFileReference; lastKnownFileType = sourcecode.swift; path = ContentView.swift; sourceTree = "<group>"; };
		F1ABDF682AC28CA9005AAEC3 /* Assets.xcassets */ = {isa = PBXFileReference; lastKnownFileType = folder.assetcatalog; path = Assets.xcassets; sourceTree = "<group>"; };
		F1ABDF6B2AC28CA9005AAEC3 /* Preview Assets.xcassets */ = {isa = PBXFileReference; lastKnownFileType = folder.assetcatalog; path = "Preview Assets.xcassets"; sourceTree = "<group>"; };
		F1ABDF712AC28CA9005AAEC3 /* bitesizeTests.xctest */ = {isa = PBXFileReference; explicitFileType = wrapper.cfbundle; includeInIndex = 0; path = bitesizeTests.xctest; sourceTree = BUILT_PRODUCTS_DIR; };
		F1ABDF752AC28CA9005AAEC3 /* bitesizeTests.swift */ = {isa = PBXFileReference; lastKnownFileType = sourcecode.swift; path = bitesizeTests.swift; sourceTree = "<group>"; };
		F1ABDF7B2AC28CA9005AAEC3 /* bitesizeUITests.xctest */ = {isa = PBXFileReference; explicitFileType = wrapper.cfbundle; includeInIndex = 0; path = bitesizeUITests.xctest; sourceTree = BUILT_PRODUCTS_DIR; };
		F1ABDF7F2AC28CA9005AAEC3 /* bitesizeUITests.swift */ = {isa = PBXFileReference; lastKnownFileType = sourcecode.swift; path = bitesizeUITests.swift; sourceTree = "<group>"; };
		F1ABDF812AC28CA9005AAEC3 /* bitesizeUITestsLaunchTests.swift */ = {isa = PBXFileReference; lastKnownFileType = sourcecode.swift; path = bitesizeUITestsLaunchTests.swift; sourceTree = "<group>"; };
		F1C5240C2AFF45C8005B69FA /* TermsandConditionsView.swift */ = {isa = PBXFileReference; lastKnownFileType = sourcecode.swift; path = TermsandConditionsView.swift; sourceTree = "<group>"; };
		F1C5240E2AFF48A8005B69FA /* ProgressGrowthView.swift */ = {isa = PBXFileReference; lastKnownFileType = sourcecode.swift; path = ProgressGrowthView.swift; sourceTree = "<group>"; };
		F1C524102AFF48F7005B69FA /* HeadView.swift */ = {isa = PBXFileReference; lastKnownFileType = sourcecode.swift; path = HeadView.swift; sourceTree = "<group>"; };
		F1C524122AFF4903005B69FA /* HeightView.swift */ = {isa = PBXFileReference; lastKnownFileType = sourcecode.swift; path = HeightView.swift; sourceTree = "<group>"; };
		F1C524142AFF490F005B69FA /* WeightView.swift */ = {isa = PBXFileReference; lastKnownFileType = sourcecode.swift; path = WeightView.swift; sourceTree = "<group>"; };
		F1C524162AFF4920005B69FA /* ZScoreSheetHeadView.swift */ = {isa = PBXFileReference; lastKnownFileType = sourcecode.swift; path = ZScoreSheetHeadView.swift; sourceTree = "<group>"; };
		F1C524182AFF4931005B69FA /* ZScoreSheetHeightView.swift */ = {isa = PBXFileReference; lastKnownFileType = sourcecode.swift; path = ZScoreSheetHeightView.swift; sourceTree = "<group>"; };
		F1C5241A2AFF493F005B69FA /* ZScoreSheetView.swift */ = {isa = PBXFileReference; lastKnownFileType = sourcecode.swift; path = ZScoreSheetView.swift; sourceTree = "<group>"; };
		F1C5241C2AFF5E4D005B69FA /* EditProfileView.swift */ = {isa = PBXFileReference; lastKnownFileType = sourcecode.swift; path = EditProfileView.swift; sourceTree = "<group>"; };
		F1C5241E2AFF5E5A005B69FA /* FAQSheet1.swift */ = {isa = PBXFileReference; lastKnownFileType = sourcecode.swift; path = FAQSheet1.swift; sourceTree = "<group>"; };
		F1C524202AFF5E67005B69FA /* FAQView.swift */ = {isa = PBXFileReference; lastKnownFileType = sourcecode.swift; path = FAQView.swift; sourceTree = "<group>"; };
		F1C524222AFF5E78005B69FA /* SavedMenuView.swift */ = {isa = PBXFileReference; lastKnownFileType = sourcecode.swift; path = SavedMenuView.swift; sourceTree = "<group>"; };
		F1C524242AFF5E82005B69FA /* TermsView.swift */ = {isa = PBXFileReference; lastKnownFileType = sourcecode.swift; path = TermsView.swift; sourceTree = "<group>"; };
		F1C524262AFF5E93005B69FA /* UserProfileCard.swift */ = {isa = PBXFileReference; lastKnownFileType = sourcecode.swift; path = UserProfileCard.swift; sourceTree = "<group>"; };
		F1C524282AFF5E9E005B69FA /* YourAccountView.swift */ = {isa = PBXFileReference; lastKnownFileType = sourcecode.swift; path = YourAccountView.swift; sourceTree = "<group>"; };
		F1C5242A2AFF5F4D005B69FA /* AddDataSheet.swift */ = {isa = PBXFileReference; fileEncoding = 4; lastKnownFileType = sourcecode.swift; path = AddDataSheet.swift; sourceTree = "<group>"; };
		F1C5242D2AFF60D0005B69FA /* ProfileViewModel.swift */ = {isa = PBXFileReference; lastKnownFileType = sourcecode.swift; path = ProfileViewModel.swift; sourceTree = "<group>"; };
		F1C5242F2AFF60FA005B69FA /* BabyUser.swift */ = {isa = PBXFileReference; lastKnownFileType = sourcecode.swift; path = BabyUser.swift; sourceTree = "<group>"; };
		F1C524312B026B54005B69FA /* CategoryDetailView.swift */ = {isa = PBXFileReference; lastKnownFileType = sourcecode.swift; path = CategoryDetailView.swift; sourceTree = "<group>"; };
		F1CBBF392ADD621C003A6B81 /* RegisterView.swift */ = {isa = PBXFileReference; lastKnownFileType = sourcecode.swift; path = RegisterView.swift; sourceTree = "<group>"; };
		F1CBBF3B2ADD622B003A6B81 /* LoginView.swift */ = {isa = PBXFileReference; lastKnownFileType = sourcecode.swift; path = LoginView.swift; sourceTree = "<group>"; };
		F1CBBF3E2ADD63FC003A6B81 /* RegisterManager.swift */ = {isa = PBXFileReference; lastKnownFileType = sourcecode.swift; path = RegisterManager.swift; sourceTree = "<group>"; };
		F1CBBF4D2ADD6859003A6B81 /* LoginManager.swift */ = {isa = PBXFileReference; lastKnownFileType = sourcecode.swift; path = LoginManager.swift; sourceTree = "<group>"; };
		F1CBBF502ADD6C59003A6B81 /* UserManager.swift */ = {isa = PBXFileReference; lastKnownFileType = sourcecode.swift; path = UserManager.swift; sourceTree = "<group>"; };
		F1DA470F2AD2B95A008BE71D /* Bahan.swift */ = {isa = PBXFileReference; lastKnownFileType = sourcecode.swift; path = Bahan.swift; sourceTree = "<group>"; };
		F1DA47112AD2DBBB008BE71D /* HomeView.swift */ = {isa = PBXFileReference; lastKnownFileType = sourcecode.swift; path = HomeView.swift; sourceTree = "<group>"; };
		F1DA47192AD30383008BE71D /* Menu.swift */ = {isa = PBXFileReference; lastKnownFileType = sourcecode.swift; path = Menu.swift; sourceTree = "<group>"; };
/* End PBXFileReference section */

/* Begin PBXFrameworksBuildPhase section */
		F1ABDF5E2AC28CA8005AAEC3 /* Frameworks */ = {
			isa = PBXFrameworksBuildPhase;
			buildActionMask = 2147483647;
			files = (
				F1CBBF422ADD6539003A6B81 /* FirebaseAnalytics in Frameworks */,
				F13B5D3A2B04F3AA00341B94 /* SwiftUICharts in Frameworks */,
				F1CBBF482ADD6539003A6B81 /* FirebaseFirestore in Frameworks */,
				F1CBBF462ADD6539003A6B81 /* FirebaseAuthCombine-Community in Frameworks */,
				F1CBBF4A2ADD6539003A6B81 /* FirebaseFirestoreCombine-Community in Frameworks */,
				F13B5D4C2B068FD100341B94 /* FirebaseStorage in Frameworks */,
				F1CBBF442ADD6539003A6B81 /* FirebaseAuth in Frameworks */,
				F1CBBF4C2ADD6539003A6B81 /* FirebaseFirestoreSwift in Frameworks */,
			);
			runOnlyForDeploymentPostprocessing = 0;
		};
		F1ABDF6E2AC28CA9005AAEC3 /* Frameworks */ = {
			isa = PBXFrameworksBuildPhase;
			buildActionMask = 2147483647;
			files = (
			);
			runOnlyForDeploymentPostprocessing = 0;
		};
		F1ABDF782AC28CA9005AAEC3 /* Frameworks */ = {
			isa = PBXFrameworksBuildPhase;
			buildActionMask = 2147483647;
			files = (
			);
			runOnlyForDeploymentPostprocessing = 0;
		};
/* End PBXFrameworksBuildPhase section */

/* Begin PBXGroup section */
		428034CC2B08895A00237FDD /* SegmentedControl */ = {
			isa = PBXGroup;
			children = (
				428034E12B088A9600237FDD /* RectPreference.swift */,
				428034DF2B088A9600237FDD /* Test 2.swift */,
				428034E02B088A9600237FDD /* Test.swift */,
				428034E22B088A9600237FDD /* UnderlineModifier.swift */,
			);
			path = SegmentedControl;
			sourceTree = "<group>";
		};
		42D22CB72B020CB30091E21D /* Inter Font */ = {
			isa = PBXGroup;
			children = (
				42D22CB82B020CC70091E21D /* Inter-VariableFont_slnt,wght.ttf */,
				42D22CBA2B020CD90091E21D /* Inter-Black.ttf */,
				42D22CBB2B020CDA0091E21D /* Inter-Bold.ttf */,
				42D22CC12B020CDA0091E21D /* Inter-ExtraBold.ttf */,
				42D22CC02B020CDA0091E21D /* Inter-ExtraLight.ttf */,
				42D22CB92B020CD90091E21D /* Inter-Light.ttf */,
				42D22CBD2B020CDA0091E21D /* Inter-Medium.ttf */,
				42D22CBC2B020CDA0091E21D /* Inter-Regular.ttf */,
				42D22CBE2B020CDA0091E21D /* Inter-SemiBold.ttf */,
				42D22CBF2B020CDA0091E21D /* Inter-Thin.ttf */,
			);
			path = "Inter Font";
			sourceTree = "<group>";
		};
		42F865972B02183F00C03DC6 /* Nunito Font */ = {
			isa = PBXGroup;
			children = (
				42F865A72B02187200C03DC6 /* Nunito-Black.ttf */,
				42F8659C2B02187200C03DC6 /* Nunito-BlackItalic.ttf */,
				42F865A02B02187200C03DC6 /* Nunito-Bold.ttf */,
				42F8659B2B02187200C03DC6 /* Nunito-BoldItalic.ttf */,
				42F8659F2B02187200C03DC6 /* Nunito-ExtraBold.ttf */,
				42F865A32B02187200C03DC6 /* Nunito-ExtraBoldItalic.ttf */,
				42F865992B02187200C03DC6 /* Nunito-ExtraLight.ttf */,
				42F865A42B02187200C03DC6 /* Nunito-ExtraLightItalic.ttf */,
				42F8659A2B02187200C03DC6 /* Nunito-Italic.ttf */,
				42F865982B02187200C03DC6 /* Nunito-Light.ttf */,
				42F865A62B02187200C03DC6 /* Nunito-LightItalic.ttf */,
				42F865A22B02187200C03DC6 /* Nunito-Medium.ttf */,
				42F865A12B02187200C03DC6 /* Nunito-MediumItalic.ttf */,
				42F8659D2B02187200C03DC6 /* Nunito-Regular.ttf */,
				42F8659E2B02187200C03DC6 /* Nunito-SemiBold.ttf */,
				42F865A52B02187200C03DC6 /* Nunito-SemiBoldItalic.ttf */,
			);
			path = "Nunito Font";
			sourceTree = "<group>";
		};
		42F865B82B0252A100C03DC6 /* OnBoarding */ = {
			isa = PBXGroup;
			children = (
				42F865B92B0252B900C03DC6 /* Onboarding1View.swift */,
				42F865BF2B026B8C00C03DC6 /* OnboardingMain.swift */,
			);
			path = OnBoarding;
			sourceTree = "<group>";
		};
		8B01397A2AFC9EE7001FE3DE /* Profile */ = {
			isa = PBXGroup;
			children = (
				8B01397B2AFC9EFD001FE3DE /* ProfileView.swift */,
				428034E92B08D1CB00237FDD /* ManageAccountView.swift */,
				F1C5241C2AFF5E4D005B69FA /* EditProfileView.swift */,
				F1C5241E2AFF5E5A005B69FA /* FAQSheet1.swift */,
				42DD91072AFF857600820AF6 /* FAQSheet2.swift */,
				42DD91092AFF860800820AF6 /* FAQSheet3.swift */,
				42DD910D2AFF87C300820AF6 /* FAQSheet4.swift */,
				42DD910F2AFF8A0900820AF6 /* FAQSheet5.swift */,
				F1C524202AFF5E67005B69FA /* FAQView.swift */,
				F1C524222AFF5E78005B69FA /* SavedMenuView.swift */,
				F1C524242AFF5E82005B69FA /* TermsView.swift */,
				F1C524262AFF5E93005B69FA /* UserProfileCard.swift */,
				F1C524282AFF5E9E005B69FA /* YourAccountView.swift */,
				42F865C32B03BBBE00C03DC6 /* SavedMenuCard.swift */,
			);
			path = Profile;
			sourceTree = "<group>";
		};
		8B3E1D032AF1E82E002B5BC6 /* Progress */ = {
			isa = PBXGroup;
			children = (
				428034CC2B08895A00237FDD /* SegmentedControl */,
				F13B5D342B04E5FE00341B94 /* Graph */,
				8B3E1D042AF1E9B1002B5BC6 /* ProgressView.swift */,
				F1C5240E2AFF48A8005B69FA /* ProgressGrowthView.swift */,
				428034DD2B088A9600237FDD /* SegmentedControlView.swift */,
				42F865D32B08733800C03DC6 /* GrowthGraphWeight.swift */,
				42F865D52B08745600C03DC6 /* GrowthGraphHeight.swift */,
				428034BC2B08792900237FDD /* GrowthGraphHeadCircumference.swift */,
				42F865CF2B05AFE900C03DC6 /* SummaryResultCard.swift */,
				42F865C92B04AA8100C03DC6 /* HistoryView.swift */,
				42F865C72B049EC200C03DC6 /* FAQTabView.swift */,
				F1C524102AFF48F7005B69FA /* HeadView.swift */,
				F1C524122AFF4903005B69FA /* HeightView.swift */,
				F1C524142AFF490F005B69FA /* WeightView.swift */,
				F1C524162AFF4920005B69FA /* ZScoreSheetHeadView.swift */,
				F1C524182AFF4931005B69FA /* ZScoreSheetHeightView.swift */,
				F1C5241A2AFF493F005B69FA /* ZScoreSheetView.swift */,
				F1C5242A2AFF5F4D005B69FA /* AddDataSheet.swift */,
				42D22CB32B01EBAB0091E21D /* EditDataSheet.swift */,
			);
			path = Progress;
			sourceTree = "<group>";
		};
		F13B5D1F2B04834000341B94 /* AR */ = {
			isa = PBXGroup;
			children = (
				F13B5D252B04857800341B94 /* AppDelegate.swift */,
				F13B5D262B04857800341B94 /* Extensions.swift */,
				F13B5D232B04857800341B94 /* Main.storyboard */,
				F13B5D222B04857800341B94 /* RoundedButton.swift */,
				F13B5D202B04857800341B94 /* SphereNode.swift */,
				F13B5D242B04857800341B94 /* ViewController.swift */,
				F13B5D212B04857800341B94 /* ViewController+CoachingOverlay.swift */,
			);
			path = AR;
			sourceTree = "<group>";
		};
		F13B5D302B04E43A00341B94 /* Resources */ = {
			isa = PBXGroup;
			children = (
				F13B5D3F2B05D12300341B94 /* b_age_length.csv */,
				F13B5D412B05D12300341B94 /* b_age_weight.csv */,
				F13B5D432B05D12300341B94 /* g_age_headc.csv */,
				F13B5D402B05D12300341B94 /* g_age_length.csv */,
				F13B5D422B05D12300341B94 /* g_age_weight.csv */,
				F13B5D312B04E46D00341B94 /* b_age_headc.csv */,
			);
			path = Resources;
			sourceTree = "<group>";
		};
		F13B5D342B04E5FE00341B94 /* Graph */ = {
			isa = PBXGroup;
			children = (
				F13B5D352B04E79900341B94 /* GraphView.swift */,
			);
			path = Graph;
			sourceTree = "<group>";
		};
		F174A2E82AEA0CAE00CDA921 /* Menu */ = {
			isa = PBXGroup;
			children = (
				F174A2E92AEA0CD800CDA921 /* MenuView.swift */,
				F174A2EB2AEA12B700CDA921 /* HeaderView.swift */,
				8B3E1D012AEF54C8002B5BC6 /* MealItemView.swift */,
				8B3E1D062AF1F0CF002B5BC6 /* MenuDetailView.swift */,
				8B3E1D0A2AF20164002B5BC6 /* MenuDetailTabView.swift */,
				8BD66E7D2AF89DF400420C25 /* DescriptionView.swift */,
				8BD66E7F2AF89F2200420C25 /* IngredientsView.swift */,
				8BD66E812AF89F3200420C25 /* HowToMakeView.swift */,
			);
			path = Menu;
			sourceTree = "<group>";
		};
		F174A2ED2AEA132D00CDA921 /* Menu */ = {
			isa = PBXGroup;
			children = (
				F174A2EE2AEA135E00CDA921 /* WeekStore.swift */,
			);
			path = Menu;
			sourceTree = "<group>";
		};
		F1ABDF582AC28CA8005AAEC3 = {
			isa = PBXGroup;
			children = (
				F1ABDF632AC28CA8005AAEC3 /* bitesize */,
				F1ABDF742AC28CA9005AAEC3 /* bitesizeTests */,
				F1ABDF7E2AC28CA9005AAEC3 /* bitesizeUITests */,
				F1ABDF622AC28CA8005AAEC3 /* Products */,
			);
			sourceTree = "<group>";
		};
		F1ABDF622AC28CA8005AAEC3 /* Products */ = {
			isa = PBXGroup;
			children = (
				F1ABDF612AC28CA8005AAEC3 /* bitesize.app */,
				F1ABDF712AC28CA9005AAEC3 /* bitesizeTests.xctest */,
				F1ABDF7B2AC28CA9005AAEC3 /* bitesizeUITests.xctest */,
			);
			name = Products;
			sourceTree = "<group>";
		};
		F1ABDF632AC28CA8005AAEC3 /* bitesize */ = {
			isa = PBXGroup;
			children = (
				F13B5D302B04E43A00341B94 /* Resources */,
				42D22CC22B020D880091E21D /* Info.plist */,
				42D22CB72B020CB30091E21D /* Inter Font */,
				42F865972B02183F00C03DC6 /* Nunito Font */,
				8BD66E912AFBFD6700420C25 /* bitesize.entitlements */,
				F1ABDF8E2AC28CC1005AAEC3 /* Models */,
				F1ABDF902AC28CE3005AAEC3 /* Views */,
				F1ABDF8F2AC28CD1005AAEC3 /* ViewModels */,
				F1ABDF642AC28CA8005AAEC3 /* bitesizeApp.swift */,
				F1ABDF682AC28CA9005AAEC3 /* Assets.xcassets */,
				F12E599F2AC294C40073FB1A /* GoogleService-Info.plist */,
				F1ABDF6A2AC28CA9005AAEC3 /* Preview Content */,
			);
			path = bitesize;
			sourceTree = "<group>";
		};
		F1ABDF6A2AC28CA9005AAEC3 /* Preview Content */ = {
			isa = PBXGroup;
			children = (
				F1ABDF6B2AC28CA9005AAEC3 /* Preview Assets.xcassets */,
			);
			path = "Preview Content";
			sourceTree = "<group>";
		};
		F1ABDF742AC28CA9005AAEC3 /* bitesizeTests */ = {
			isa = PBXGroup;
			children = (
				F1ABDF752AC28CA9005AAEC3 /* bitesizeTests.swift */,
			);
			path = bitesizeTests;
			sourceTree = "<group>";
		};
		F1ABDF7E2AC28CA9005AAEC3 /* bitesizeUITests */ = {
			isa = PBXGroup;
			children = (
				F1ABDF7F2AC28CA9005AAEC3 /* bitesizeUITests.swift */,
				F1ABDF812AC28CA9005AAEC3 /* bitesizeUITestsLaunchTests.swift */,
			);
			path = bitesizeUITests;
			sourceTree = "<group>";
		};
		F1ABDF8E2AC28CC1005AAEC3 /* Models */ = {
			isa = PBXGroup;
			children = (
				F12E59AC2AC33AEA0073FB1A /* Babies.swift */,
				F12E59B92AC341F90073FB1A /* Users.swift */,
				8B7B2C532AC68855003F4C6F /* LMSLengthGirls.swift */,
				8B7B2C572AC97E4F003F4C6F /* LMSLengthBoys.swift */,
				8B7B2C592AC98E4A003F4C6F /* LMSWeightGirls.swift */,
				8B7B2C5B2AC99033003F4C6F /* LMSWeightBoys.swift */,
				8B7B2C752AD176C5003F4C6F /* LMSHeadGirls.swift */,
				8B7B2C772AD17833003F4C6F /* LMSHeadBoys.swift */,
				8B7B2C5D2ACA635F003F4C6F /* LMSData.swift */,
				8B7B2C5F2ACB10F1003F4C6F /* ZScoreResult.swift */,
				8B7B2C6F2ACFB29E003F4C6F /* CaloriesNeededResult.swift */,
				F1DA470F2AD2B95A008BE71D /* Bahan.swift */,
				F1DA47192AD30383008BE71D /* Menu.swift */,
				F174A2F02AEA139000CDA921 /* Week.swift */,
				F1C5242F2AFF60FA005B69FA /* BabyUser.swift */,
				42F865BD2B025A1600C03DC6 /* Onboarding.swift */,
			);
			path = Models;
			sourceTree = "<group>";
		};
		F1ABDF8F2AC28CD1005AAEC3 /* ViewModels */ = {
			isa = PBXGroup;
			children = (
				F1C5242C2AFF60BB005B69FA /* Profile */,
				F174A2ED2AEA132D00CDA921 /* Menu */,
				F1CBBF4F2ADD6B0B003A6B81 /* Akun */,
				F12E59A12AC294EC0073FB1A /* FirebaseManager.swift */,
				F12E59A32AC299E90073FB1A /* FirestoreManager.swift */,
				8B7B2C552AC6F989003F4C6F /* ZScoreCalculator.swift */,
				8B7B2C712ACFB85F003F4C6F /* CaloriesNeededCalculator.swift */,
				F1CBBF502ADD6C59003A6B81 /* UserManager.swift */,
				F13B5D2E2B04868100341B94 /* ARKit Manager.swift */,
			);
			path = ViewModels;
			sourceTree = "<group>";
		};
		F1ABDF902AC28CE3005AAEC3 /* Views */ = {
			isa = PBXGroup;
			children = (
				F13B5D1F2B04834000341B94 /* AR */,
				42F865B82B0252A100C03DC6 /* OnBoarding */,
				8B01397A2AFC9EE7001FE3DE /* Profile */,
				8B3E1D032AF1E82E002B5BC6 /* Progress */,
				F174A2E82AEA0CAE00CDA921 /* Menu */,
				F1CBBF362ADD6200003A6B81 /* Akun */,
				F1DA47142AD2DBE6008BE71D /* Home */,
				F1DA47132AD2DBC9008BE71D /* Kuisioner */,
			);
			path = Views;
			sourceTree = "<group>";
		};
		F1C5242C2AFF60BB005B69FA /* Profile */ = {
			isa = PBXGroup;
			children = (
				F1C5242D2AFF60D0005B69FA /* ProfileViewModel.swift */,
			);
			path = Profile;
			sourceTree = "<group>";
		};
		F1CBBF362ADD6200003A6B81 /* Akun */ = {
			isa = PBXGroup;
			children = (
				F1CBBF392ADD621C003A6B81 /* RegisterView.swift */,
				F1CBBF3B2ADD622B003A6B81 /* LoginView.swift */,
				8BD66E832AF9E12300420C25 /* TextAccountView.swift */,
				8BD66E852AF9FB9300420C25 /* SecuredTextFieldView.swift */,
				8BD66E872AF9FBE100420C25 /* SecureTextFieldParentProtocol.swift */,
				8BD66E892AFBC4C300420C25 /* RequirementsPickerView.swift */,
				8BD66E8B2AFBC4FC00420C25 /* CheckboxToggleStyle.swift */,
				8BD66E8F2AFBC55200420C25 /* AutheticationViewModel.swift */,
				F1C5240C2AFF45C8005B69FA /* TermsandConditionsView.swift */,
			);
			path = Akun;
			sourceTree = "<group>";
		};
		F1CBBF4F2ADD6B0B003A6B81 /* Akun */ = {
			isa = PBXGroup;
			children = (
				F1CBBF3E2ADD63FC003A6B81 /* RegisterManager.swift */,
				F1CBBF4D2ADD6859003A6B81 /* LoginManager.swift */,
			);
			path = Akun;
			sourceTree = "<group>";
		};
		F1DA47132AD2DBC9008BE71D /* Kuisioner */ = {
			isa = PBXGroup;
			children = (
				F1ABDF662AC28CA8005AAEC3 /* ContentView.swift */,
				F12E59BB2AC3D2290073FB1A /* BabyInputView.swift */,
				8B7B2C632ACD1C58003F4C6F /* InformationView.swift */,
				8B3194B32AD79DCF001DD2A1 /* TextView.swift */,
				42D22CAD2B0140FC0091E21D /* LoadingViewMain.swift */,
				42D22CB12B01DEC60091E21D /* ResultView.swift */,
				42D22CAF2B01B7780091E21D /* LoadingBarView.swift */,
				42D22CA32B013C310091E21D /* GifImage.swift */,
				42D22CA72B013CED0091E21D /* Loading.gif */,
			);
			path = Kuisioner;
			sourceTree = "<group>";
		};
		F1DA47142AD2DBE6008BE71D /* Home */ = {
			isa = PBXGroup;
			children = (
				F1DA47112AD2DBBB008BE71D /* HomeView.swift */,
				8B3194D12ADCFCDA001DD2A1 /* RecommendationItemView.swift */,
				8B3194BD2AD9CA83001DD2A1 /* TextCarbsFatProteinView.swift */,
				8B3E1CF62AE0E167002B5BC6 /* CategoryItemView.swift */,
				8B3E1D082AF1FAD3002B5BC6 /* SummaryCardView.swift */,
				F1C524312B026B54005B69FA /* CategoryDetailView.swift */,
				F13B5D492B065DF400341B94 /* AllergyView.swift */,
			);
			path = Home;
			sourceTree = "<group>";
		};
/* End PBXGroup section */

/* Begin PBXNativeTarget section */
		F1ABDF602AC28CA8005AAEC3 /* bitesize */ = {
			isa = PBXNativeTarget;
			buildConfigurationList = F1ABDF852AC28CA9005AAEC3 /* Build configuration list for PBXNativeTarget "bitesize" */;
			buildPhases = (
				F1ABDF5D2AC28CA8005AAEC3 /* Sources */,
				F1ABDF5E2AC28CA8005AAEC3 /* Frameworks */,
				F1ABDF5F2AC28CA8005AAEC3 /* Resources */,
			);
			buildRules = (
			);
			dependencies = (
			);
			name = bitesize;
			packageProductDependencies = (
				F1CBBF412ADD6539003A6B81 /* FirebaseAnalytics */,
				F1CBBF432ADD6539003A6B81 /* FirebaseAuth */,
				F1CBBF452ADD6539003A6B81 /* FirebaseAuthCombine-Community */,
				F1CBBF472ADD6539003A6B81 /* FirebaseFirestore */,
				F1CBBF492ADD6539003A6B81 /* FirebaseFirestoreCombine-Community */,
				F1CBBF4B2ADD6539003A6B81 /* FirebaseFirestoreSwift */,
				F13B5D392B04F3AA00341B94 /* SwiftUICharts */,
				F13B5D4B2B068FD100341B94 /* FirebaseStorage */,
			);
			productName = bitesize;
			productReference = F1ABDF612AC28CA8005AAEC3 /* bitesize.app */;
			productType = "com.apple.product-type.application";
		};
		F1ABDF702AC28CA9005AAEC3 /* bitesizeTests */ = {
			isa = PBXNativeTarget;
			buildConfigurationList = F1ABDF882AC28CA9005AAEC3 /* Build configuration list for PBXNativeTarget "bitesizeTests" */;
			buildPhases = (
				F1ABDF6D2AC28CA9005AAEC3 /* Sources */,
				F1ABDF6E2AC28CA9005AAEC3 /* Frameworks */,
				F1ABDF6F2AC28CA9005AAEC3 /* Resources */,
			);
			buildRules = (
			);
			dependencies = (
				F1ABDF732AC28CA9005AAEC3 /* PBXTargetDependency */,
			);
			name = bitesizeTests;
			productName = bitesizeTests;
			productReference = F1ABDF712AC28CA9005AAEC3 /* bitesizeTests.xctest */;
			productType = "com.apple.product-type.bundle.unit-test";
		};
		F1ABDF7A2AC28CA9005AAEC3 /* bitesizeUITests */ = {
			isa = PBXNativeTarget;
			buildConfigurationList = F1ABDF8B2AC28CA9005AAEC3 /* Build configuration list for PBXNativeTarget "bitesizeUITests" */;
			buildPhases = (
				F1ABDF772AC28CA9005AAEC3 /* Sources */,
				F1ABDF782AC28CA9005AAEC3 /* Frameworks */,
				F1ABDF792AC28CA9005AAEC3 /* Resources */,
			);
			buildRules = (
			);
			dependencies = (
				F1ABDF7D2AC28CA9005AAEC3 /* PBXTargetDependency */,
			);
			name = bitesizeUITests;
			productName = bitesizeUITests;
			productReference = F1ABDF7B2AC28CA9005AAEC3 /* bitesizeUITests.xctest */;
			productType = "com.apple.product-type.bundle.ui-testing";
		};
/* End PBXNativeTarget section */

/* Begin PBXProject section */
		F1ABDF592AC28CA8005AAEC3 /* Project object */ = {
			isa = PBXProject;
			attributes = {
				BuildIndependentTargetsInParallel = 1;
				LastSwiftUpdateCheck = 1430;
				LastUpgradeCheck = 1430;
				TargetAttributes = {
					F1ABDF602AC28CA8005AAEC3 = {
						CreatedOnToolsVersion = 14.3;
					};
					F1ABDF702AC28CA9005AAEC3 = {
						CreatedOnToolsVersion = 14.3;
						TestTargetID = F1ABDF602AC28CA8005AAEC3;
					};
					F1ABDF7A2AC28CA9005AAEC3 = {
						CreatedOnToolsVersion = 14.3;
						TestTargetID = F1ABDF602AC28CA8005AAEC3;
					};
				};
			};
			buildConfigurationList = F1ABDF5C2AC28CA8005AAEC3 /* Build configuration list for PBXProject "bitesize" */;
			compatibilityVersion = "Xcode 14.0";
			developmentRegion = en;
			hasScannedForEncodings = 0;
			knownRegions = (
				en,
				Base,
			);
			mainGroup = F1ABDF582AC28CA8005AAEC3;
			packageReferences = (
				F1CBBF402ADD6539003A6B81 /* XCRemoteSwiftPackageReference "firebase-ios-sdk" */,
				F13B5D382B04F3AA00341B94 /* XCRemoteSwiftPackageReference "ChartView" */,
			);
			productRefGroup = F1ABDF622AC28CA8005AAEC3 /* Products */;
			projectDirPath = "";
			projectRoot = "";
			targets = (
				F1ABDF602AC28CA8005AAEC3 /* bitesize */,
				F1ABDF702AC28CA9005AAEC3 /* bitesizeTests */,
				F1ABDF7A2AC28CA9005AAEC3 /* bitesizeUITests */,
			);
		};
/* End PBXProject section */

/* Begin PBXResourcesBuildPhase section */
		F1ABDF5F2AC28CA8005AAEC3 /* Resources */ = {
			isa = PBXResourcesBuildPhase;
			buildActionMask = 2147483647;
			files = (
				42F865AE2B02187200C03DC6 /* Nunito-SemiBold.ttf in Resources */,
				42F8658C2B0213E500C03DC6 /* Inter-ExtraBold.ttf in Resources */,
				42F8658D2B0213E500C03DC6 /* Inter-ExtraLight.ttf in Resources */,
				F1ABDF6C2AC28CA9005AAEC3 /* Preview Assets.xcassets in Resources */,
				42F865B22B02187200C03DC6 /* Nunito-Medium.ttf in Resources */,
				42F8658E2B0213E500C03DC6 /* Inter-Bold.ttf in Resources */,
				42F8658F2B0213E500C03DC6 /* Inter-Thin.ttf in Resources */,
				F13B5D442B05D12300341B94 /* b_age_length.csv in Resources */,
				42D22CA82B013CED0091E21D /* Loading.gif in Resources */,
				42F865B52B02187200C03DC6 /* Nunito-SemiBoldItalic.ttf in Resources */,
				42F865952B0213E500C03DC6 /* Inter-SemiBold.ttf in Resources */,
				42F865A92B02187200C03DC6 /* Nunito-ExtraLight.ttf in Resources */,
				42F865B72B02187200C03DC6 /* Nunito-Black.ttf in Resources */,
				42F865B42B02187200C03DC6 /* Nunito-ExtraLightItalic.ttf in Resources */,
				F13B5D452B05D12300341B94 /* g_age_length.csv in Resources */,
				F13B5D462B05D12300341B94 /* b_age_weight.csv in Resources */,
				42F865AC2B02187200C03DC6 /* Nunito-BlackItalic.ttf in Resources */,
				42F865922B0213E500C03DC6 /* Inter-Black.ttf in Resources */,
				42F865AF2B02187200C03DC6 /* Nunito-ExtraBold.ttf in Resources */,
				42F865B12B02187200C03DC6 /* Nunito-MediumItalic.ttf in Resources */,
				F13B5D322B04E46D00341B94 /* b_age_headc.csv in Resources */,
				42F865AD2B02187200C03DC6 /* Nunito-Regular.ttf in Resources */,
				42F865912B0213E500C03DC6 /* Inter-VariableFont_slnt,wght.ttf in Resources */,
				42F865B62B02187200C03DC6 /* Nunito-LightItalic.ttf in Resources */,
				42F865942B0213E500C03DC6 /* Inter-Regular.ttf in Resources */,
				F1ABDF692AC28CA9005AAEC3 /* Assets.xcassets in Resources */,
				42F865AB2B02187200C03DC6 /* Nunito-BoldItalic.ttf in Resources */,
				42F865A82B02187200C03DC6 /* Nunito-Light.ttf in Resources */,
				F13B5D472B05D12300341B94 /* g_age_weight.csv in Resources */,
				42F865B02B02187200C03DC6 /* Nunito-Bold.ttf in Resources */,
				F12E59A02AC294C40073FB1A /* GoogleService-Info.plist in Resources */,
				42F865932B0213E500C03DC6 /* Inter-Light.ttf in Resources */,
				42F865B32B02187200C03DC6 /* Nunito-ExtraBoldItalic.ttf in Resources */,
				F13B5D482B05D12300341B94 /* g_age_headc.csv in Resources */,
				42F865902B0213E500C03DC6 /* Inter-Medium.ttf in Resources */,
				F13B5D2A2B04857800341B94 /* Main.storyboard in Resources */,
				42F865AA2B02187200C03DC6 /* Nunito-Italic.ttf in Resources */,
			);
			runOnlyForDeploymentPostprocessing = 0;
		};
		F1ABDF6F2AC28CA9005AAEC3 /* Resources */ = {
			isa = PBXResourcesBuildPhase;
			buildActionMask = 2147483647;
			files = (
			);
			runOnlyForDeploymentPostprocessing = 0;
		};
		F1ABDF792AC28CA9005AAEC3 /* Resources */ = {
			isa = PBXResourcesBuildPhase;
			buildActionMask = 2147483647;
			files = (
			);
			runOnlyForDeploymentPostprocessing = 0;
		};
/* End PBXResourcesBuildPhase section */

/* Begin PBXSourcesBuildPhase section */
		F1ABDF5D2AC28CA8005AAEC3 /* Sources */ = {
			isa = PBXSourcesBuildPhase;
			buildActionMask = 2147483647;
			files = (
				F1C5240F2AFF48A8005B69FA /* ProgressGrowthView.swift in Sources */,
				42F865C82B049EC200C03DC6 /* FAQTabView.swift in Sources */,
				8B3E1D072AF1F0CF002B5BC6 /* MenuDetailView.swift in Sources */,
				F1DA47102AD2B95A008BE71D /* Bahan.swift in Sources */,
				F12E59A22AC294EC0073FB1A /* FirebaseManager.swift in Sources */,
				8B3E1D092AF1FAD3002B5BC6 /* SummaryCardView.swift in Sources */,
				42D22CB02B01B7780091E21D /* LoadingBarView.swift in Sources */,
				F1DA47122AD2DBBB008BE71D /* HomeView.swift in Sources */,
				8B3E1D0B2AF20164002B5BC6 /* MenuDetailTabView.swift in Sources */,
				F1C5240D2AFF45C8005B69FA /* TermsandConditionsView.swift in Sources */,
				F174A2EF2AEA135E00CDA921 /* WeekStore.swift in Sources */,
				8B3E1CF72AE0E167002B5BC6 /* CategoryItemView.swift in Sources */,
				F174A2F12AEA139000CDA921 /* Week.swift in Sources */,
				F13B5D4A2B065DF400341B94 /* AllergyView.swift in Sources */,
				8B7B2C5E2ACA635F003F4C6F /* LMSData.swift in Sources */,
				428034E62B088A9600237FDD /* Test.swift in Sources */,
				42D22CB42B01EBAB0091E21D /* EditDataSheet.swift in Sources */,
				F1ABDF672AC28CA8005AAEC3 /* ContentView.swift in Sources */,
				8BD66E822AF89F3200420C25 /* HowToMakeView.swift in Sources */,
				8BD66E882AF9FBE100420C25 /* SecureTextFieldParentProtocol.swift in Sources */,
				F1C524252AFF5E82005B69FA /* TermsView.swift in Sources */,
				F1C524322B026B54005B69FA /* CategoryDetailView.swift in Sources */,
				F174A2EA2AEA0CD800CDA921 /* MenuView.swift in Sources */,
				428034E82B088A9600237FDD /* UnderlineModifier.swift in Sources */,
				F1C524192AFF4931005B69FA /* ZScoreSheetHeightView.swift in Sources */,
				F1C524292AFF5E9E005B69FA /* YourAccountView.swift in Sources */,
				8BD66E902AFBC55200420C25 /* AutheticationViewModel.swift in Sources */,
				F13B5D282B04857800341B94 /* ViewController+CoachingOverlay.swift in Sources */,
				F13B5D292B04857800341B94 /* RoundedButton.swift in Sources */,
				8B7B2C602ACB10F1003F4C6F /* ZScoreResult.swift in Sources */,
				428034E52B088A9600237FDD /* Test 2.swift in Sources */,
				F1CBBF512ADD6C59003A6B81 /* UserManager.swift in Sources */,
				42F865CA2B04AA8100C03DC6 /* HistoryView.swift in Sources */,
				8BD66E7E2AF89DF400420C25 /* DescriptionView.swift in Sources */,
				8B7B2C5A2AC98E4A003F4C6F /* LMSWeightGirls.swift in Sources */,
				F1C524172AFF4920005B69FA /* ZScoreSheetHeadView.swift in Sources */,
				8B3194BE2AD9CA83001DD2A1 /* TextCarbsFatProteinView.swift in Sources */,
				8BD66E8C2AFBC4FC00420C25 /* CheckboxToggleStyle.swift in Sources */,
				F1ABDF652AC28CA8005AAEC3 /* bitesizeApp.swift in Sources */,
				42F865D02B05AFE900C03DC6 /* SummaryResultCard.swift in Sources */,
				F1CBBF4E2ADD6859003A6B81 /* LoginManager.swift in Sources */,
				F1C5242E2AFF60D0005B69FA /* ProfileViewModel.swift in Sources */,
				42F865BA2B0252B900C03DC6 /* Onboarding1View.swift in Sources */,
				42DD910A2AFF860800820AF6 /* FAQSheet3.swift in Sources */,
				42D22CAE2B0140FC0091E21D /* LoadingViewMain.swift in Sources */,
				F1C524302AFF60FA005B69FA /* BabyUser.swift in Sources */,
				8B3194D22ADCFCDA001DD2A1 /* RecommendationItemView.swift in Sources */,
				42DD91082AFF857600820AF6 /* FAQSheet2.swift in Sources */,
				8B7B2C702ACFB29E003F4C6F /* CaloriesNeededResult.swift in Sources */,
				428034BD2B08792900237FDD /* GrowthGraphHeadCircumference.swift in Sources */,
				F1C5241D2AFF5E4D005B69FA /* EditProfileView.swift in Sources */,
				F1C524272AFF5E93005B69FA /* UserProfileCard.swift in Sources */,
				F1C524212AFF5E67005B69FA /* FAQView.swift in Sources */,
				F1CBBF3C2ADD622B003A6B81 /* LoginView.swift in Sources */,
				8B7B2C782AD17833003F4C6F /* LMSHeadBoys.swift in Sources */,
				8BD66E842AF9E12300420C25 /* TextAccountView.swift in Sources */,
				8B7B2C582AC97E4F003F4C6F /* LMSLengthBoys.swift in Sources */,
				F12E59AD2AC33AEA0073FB1A /* Babies.swift in Sources */,
				F1C5241B2AFF493F005B69FA /* ZScoreSheetView.swift in Sources */,
				8B3E1D022AEF54C8002B5BC6 /* MealItemView.swift in Sources */,
				F1C524232AFF5E78005B69FA /* SavedMenuView.swift in Sources */,
				428034EA2B08D1CB00237FDD /* ManageAccountView.swift in Sources */,
				42DD910E2AFF87C300820AF6 /* FAQSheet4.swift in Sources */,
				F1CBBF3F2ADD63FC003A6B81 /* RegisterManager.swift in Sources */,
				42F865BE2B025A1600C03DC6 /* Onboarding.swift in Sources */,
				42F865C42B03BBBE00C03DC6 /* SavedMenuCard.swift in Sources */,
				F13B5D362B04E79900341B94 /* GraphView.swift in Sources */,
				42F865D42B08733800C03DC6 /* GrowthGraphWeight.swift in Sources */,
				8B7B2C542AC68855003F4C6F /* LMSLengthGirls.swift in Sources */,
				8B7B2C722ACFB85F003F4C6F /* CaloriesNeededCalculator.swift in Sources */,
				F174A2EC2AEA12B700CDA921 /* HeaderView.swift in Sources */,
				F13B5D272B04857800341B94 /* SphereNode.swift in Sources */,
				F1CBBF3A2ADD621C003A6B81 /* RegisterView.swift in Sources */,
				F13B5D2F2B04868100341B94 /* ARKit Manager.swift in Sources */,
				F13B5D2C2B04857800341B94 /* AppDelegate.swift in Sources */,
				8BD66E862AF9FB9300420C25 /* SecuredTextFieldView.swift in Sources */,
				8BD66E8A2AFBC4C300420C25 /* RequirementsPickerView.swift in Sources */,
				F12E59BC2AC3D2290073FB1A /* BabyInputView.swift in Sources */,
				8B7B2C762AD176C5003F4C6F /* LMSHeadGirls.swift in Sources */,
				F13B5D2D2B04857800341B94 /* Extensions.swift in Sources */,
				F1C524132AFF4903005B69FA /* HeightView.swift in Sources */,
				428034E32B088A9600237FDD /* SegmentedControlView.swift in Sources */,
				8B7B2C642ACD1C58003F4C6F /* InformationView.swift in Sources */,
				42DD91102AFF8A0900820AF6 /* FAQSheet5.swift in Sources */,
				F12E59BA2AC341F90073FB1A /* Users.swift in Sources */,
				F1C5242B2AFF5F4D005B69FA /* AddDataSheet.swift in Sources */,
				F1C524152AFF490F005B69FA /* WeightView.swift in Sources */,
				8B01397C2AFC9EFD001FE3DE /* ProfileView.swift in Sources */,
				F1C524112AFF48F7005B69FA /* HeadView.swift in Sources */,
				8B7B2C562AC6F989003F4C6F /* ZScoreCalculator.swift in Sources */,
				F13B5D2B2B04857800341B94 /* ViewController.swift in Sources */,
				428034E72B088A9600237FDD /* RectPreference.swift in Sources */,
				42D22CB22B01DEC60091E21D /* ResultView.swift in Sources */,
				F1DA471A2AD30383008BE71D /* Menu.swift in Sources */,
				F12E59A42AC299E90073FB1A /* FirestoreManager.swift in Sources */,
				42F865D62B08745600C03DC6 /* GrowthGraphHeight.swift in Sources */,
				8B3E1D052AF1E9B1002B5BC6 /* ProgressView.swift in Sources */,
				8BD66E802AF89F2200420C25 /* IngredientsView.swift in Sources */,
				8B3194B42AD79DCF001DD2A1 /* TextView.swift in Sources */,
				42F865C02B026B8C00C03DC6 /* OnboardingMain.swift in Sources */,
				8B7B2C5C2AC99033003F4C6F /* LMSWeightBoys.swift in Sources */,
				42D22CA42B013C310091E21D /* GifImage.swift in Sources */,
				F1C5241F2AFF5E5A005B69FA /* FAQSheet1.swift in Sources */,
			);
			runOnlyForDeploymentPostprocessing = 0;
		};
		F1ABDF6D2AC28CA9005AAEC3 /* Sources */ = {
			isa = PBXSourcesBuildPhase;
			buildActionMask = 2147483647;
			files = (
				F1ABDF762AC28CA9005AAEC3 /* bitesizeTests.swift in Sources */,
			);
			runOnlyForDeploymentPostprocessing = 0;
		};
		F1ABDF772AC28CA9005AAEC3 /* Sources */ = {
			isa = PBXSourcesBuildPhase;
			buildActionMask = 2147483647;
			files = (
				F1ABDF822AC28CA9005AAEC3 /* bitesizeUITestsLaunchTests.swift in Sources */,
				F1ABDF802AC28CA9005AAEC3 /* bitesizeUITests.swift in Sources */,
			);
			runOnlyForDeploymentPostprocessing = 0;
		};
/* End PBXSourcesBuildPhase section */

/* Begin PBXTargetDependency section */
		F1ABDF732AC28CA9005AAEC3 /* PBXTargetDependency */ = {
			isa = PBXTargetDependency;
			target = F1ABDF602AC28CA8005AAEC3 /* bitesize */;
			targetProxy = F1ABDF722AC28CA9005AAEC3 /* PBXContainerItemProxy */;
		};
		F1ABDF7D2AC28CA9005AAEC3 /* PBXTargetDependency */ = {
			isa = PBXTargetDependency;
			target = F1ABDF602AC28CA8005AAEC3 /* bitesize */;
			targetProxy = F1ABDF7C2AC28CA9005AAEC3 /* PBXContainerItemProxy */;
		};
/* End PBXTargetDependency section */

/* Begin XCBuildConfiguration section */
		F1ABDF832AC28CA9005AAEC3 /* Debug */ = {
			isa = XCBuildConfiguration;
			buildSettings = {
				ALWAYS_SEARCH_USER_PATHS = NO;
				CLANG_ANALYZER_NONNULL = YES;
				CLANG_ANALYZER_NUMBER_OBJECT_CONVERSION = YES_AGGRESSIVE;
				CLANG_CXX_LANGUAGE_STANDARD = "gnu++20";
				CLANG_ENABLE_MODULES = YES;
				CLANG_ENABLE_OBJC_ARC = YES;
				CLANG_ENABLE_OBJC_WEAK = YES;
				CLANG_WARN_BLOCK_CAPTURE_AUTORELEASING = YES;
				CLANG_WARN_BOOL_CONVERSION = YES;
				CLANG_WARN_COMMA = YES;
				CLANG_WARN_CONSTANT_CONVERSION = YES;
				CLANG_WARN_DEPRECATED_OBJC_IMPLEMENTATIONS = YES;
				CLANG_WARN_DIRECT_OBJC_ISA_USAGE = YES_ERROR;
				CLANG_WARN_DOCUMENTATION_COMMENTS = YES;
				CLANG_WARN_EMPTY_BODY = YES;
				CLANG_WARN_ENUM_CONVERSION = YES;
				CLANG_WARN_INFINITE_RECURSION = YES;
				CLANG_WARN_INT_CONVERSION = YES;
				CLANG_WARN_NON_LITERAL_NULL_CONVERSION = YES;
				CLANG_WARN_OBJC_IMPLICIT_RETAIN_SELF = YES;
				CLANG_WARN_OBJC_LITERAL_CONVERSION = YES;
				CLANG_WARN_OBJC_ROOT_CLASS = YES_ERROR;
				CLANG_WARN_QUOTED_INCLUDE_IN_FRAMEWORK_HEADER = YES;
				CLANG_WARN_RANGE_LOOP_ANALYSIS = YES;
				CLANG_WARN_STRICT_PROTOTYPES = YES;
				CLANG_WARN_SUSPICIOUS_MOVE = YES;
				CLANG_WARN_UNGUARDED_AVAILABILITY = YES_AGGRESSIVE;
				CLANG_WARN_UNREACHABLE_CODE = YES;
				CLANG_WARN__DUPLICATE_METHOD_MATCH = YES;
				COPY_PHASE_STRIP = NO;
				DEBUG_INFORMATION_FORMAT = dwarf;
				ENABLE_STRICT_OBJC_MSGSEND = YES;
				ENABLE_TESTABILITY = YES;
				GCC_C_LANGUAGE_STANDARD = gnu11;
				GCC_DYNAMIC_NO_PIC = NO;
				GCC_NO_COMMON_BLOCKS = YES;
				GCC_OPTIMIZATION_LEVEL = 0;
				GCC_PREPROCESSOR_DEFINITIONS = (
					"DEBUG=1",
					"$(inherited)",
				);
				GCC_WARN_64_TO_32_BIT_CONVERSION = YES;
				GCC_WARN_ABOUT_RETURN_TYPE = YES_ERROR;
				GCC_WARN_UNDECLARED_SELECTOR = YES;
				GCC_WARN_UNINITIALIZED_AUTOS = YES_AGGRESSIVE;
				GCC_WARN_UNUSED_FUNCTION = YES;
				GCC_WARN_UNUSED_VARIABLE = YES;
				IPHONEOS_DEPLOYMENT_TARGET = 16.4;
				MTL_ENABLE_DEBUG_INFO = INCLUDE_SOURCE;
				MTL_FAST_MATH = YES;
				ONLY_ACTIVE_ARCH = YES;
				SDKROOT = iphoneos;
				SWIFT_ACTIVE_COMPILATION_CONDITIONS = DEBUG;
				SWIFT_OPTIMIZATION_LEVEL = "-Onone";
			};
			name = Debug;
		};
		F1ABDF842AC28CA9005AAEC3 /* Release */ = {
			isa = XCBuildConfiguration;
			buildSettings = {
				ALWAYS_SEARCH_USER_PATHS = NO;
				CLANG_ANALYZER_NONNULL = YES;
				CLANG_ANALYZER_NUMBER_OBJECT_CONVERSION = YES_AGGRESSIVE;
				CLANG_CXX_LANGUAGE_STANDARD = "gnu++20";
				CLANG_ENABLE_MODULES = YES;
				CLANG_ENABLE_OBJC_ARC = YES;
				CLANG_ENABLE_OBJC_WEAK = YES;
				CLANG_WARN_BLOCK_CAPTURE_AUTORELEASING = YES;
				CLANG_WARN_BOOL_CONVERSION = YES;
				CLANG_WARN_COMMA = YES;
				CLANG_WARN_CONSTANT_CONVERSION = YES;
				CLANG_WARN_DEPRECATED_OBJC_IMPLEMENTATIONS = YES;
				CLANG_WARN_DIRECT_OBJC_ISA_USAGE = YES_ERROR;
				CLANG_WARN_DOCUMENTATION_COMMENTS = YES;
				CLANG_WARN_EMPTY_BODY = YES;
				CLANG_WARN_ENUM_CONVERSION = YES;
				CLANG_WARN_INFINITE_RECURSION = YES;
				CLANG_WARN_INT_CONVERSION = YES;
				CLANG_WARN_NON_LITERAL_NULL_CONVERSION = YES;
				CLANG_WARN_OBJC_IMPLICIT_RETAIN_SELF = YES;
				CLANG_WARN_OBJC_LITERAL_CONVERSION = YES;
				CLANG_WARN_OBJC_ROOT_CLASS = YES_ERROR;
				CLANG_WARN_QUOTED_INCLUDE_IN_FRAMEWORK_HEADER = YES;
				CLANG_WARN_RANGE_LOOP_ANALYSIS = YES;
				CLANG_WARN_STRICT_PROTOTYPES = YES;
				CLANG_WARN_SUSPICIOUS_MOVE = YES;
				CLANG_WARN_UNGUARDED_AVAILABILITY = YES_AGGRESSIVE;
				CLANG_WARN_UNREACHABLE_CODE = YES;
				CLANG_WARN__DUPLICATE_METHOD_MATCH = YES;
				COPY_PHASE_STRIP = NO;
				DEBUG_INFORMATION_FORMAT = "dwarf-with-dsym";
				ENABLE_NS_ASSERTIONS = NO;
				ENABLE_STRICT_OBJC_MSGSEND = YES;
				GCC_C_LANGUAGE_STANDARD = gnu11;
				GCC_NO_COMMON_BLOCKS = YES;
				GCC_WARN_64_TO_32_BIT_CONVERSION = YES;
				GCC_WARN_ABOUT_RETURN_TYPE = YES_ERROR;
				GCC_WARN_UNDECLARED_SELECTOR = YES;
				GCC_WARN_UNINITIALIZED_AUTOS = YES_AGGRESSIVE;
				GCC_WARN_UNUSED_FUNCTION = YES;
				GCC_WARN_UNUSED_VARIABLE = YES;
				IPHONEOS_DEPLOYMENT_TARGET = 16.4;
				MTL_ENABLE_DEBUG_INFO = NO;
				MTL_FAST_MATH = YES;
				SDKROOT = iphoneos;
				SWIFT_COMPILATION_MODE = wholemodule;
				SWIFT_OPTIMIZATION_LEVEL = "-O";
				VALIDATE_PRODUCT = YES;
			};
			name = Release;
		};
		F1ABDF862AC28CA9005AAEC3 /* Debug */ = {
			isa = XCBuildConfiguration;
			buildSettings = {
				ASSETCATALOG_COMPILER_APPICON_NAME = AppIcon;
				ASSETCATALOG_COMPILER_GLOBAL_ACCENT_COLOR_NAME = AccentColor;
				CODE_SIGN_ENTITLEMENTS = bitesize/bitesize.entitlements;
				CODE_SIGN_STYLE = Automatic;
				CURRENT_PROJECT_VERSION = 1;
				DEVELOPMENT_ASSET_PATHS = "bitesize/Preview\\ Content";
				DEVELOPMENT_TEAM = 5HAHSL2Z4H;
				ENABLE_PREVIEWS = YES;
				GENERATE_INFOPLIST_FILE = YES;
				INFOPLIST_FILE = bitesize/Info.plist;
				INFOPLIST_KEY_NSCameraUsageDescription = "For AR";
				INFOPLIST_KEY_UIApplicationSceneManifest_Generation = YES;
				INFOPLIST_KEY_UIApplicationSupportsIndirectInputEvents = YES;
				INFOPLIST_KEY_UILaunchScreen_Generation = YES;
				INFOPLIST_KEY_UIMainStoryboardFile = Main;
				INFOPLIST_KEY_UIRequiredDeviceCapabilities = "armv7 arkit";
				INFOPLIST_KEY_UIRequiresFullScreen = YES;
				INFOPLIST_KEY_UIStatusBarHidden = YES;
				INFOPLIST_KEY_UISupportedInterfaceOrientations = UIInterfaceOrientationPortrait;
				INFOPLIST_KEY_UISupportedInterfaceOrientations_iPad = "UIInterfaceOrientationPortrait UIInterfaceOrientationPortraitUpsideDown UIInterfaceOrientationLandscapeLeft UIInterfaceOrientationLandscapeRight";
				INFOPLIST_KEY_UISupportedInterfaceOrientations_iPhone = "UIInterfaceOrientationPortrait UIInterfaceOrientationLandscapeLeft UIInterfaceOrientationLandscapeRight";
				INFOPLIST_KEY_UIUserInterfaceStyle = Light;
				LD_RUNPATH_SEARCH_PATHS = (
					"$(inherited)",
					"@executable_path/Frameworks",
				);
				MARKETING_VERSION = 1.0;
				PRODUCT_BUNDLE_IDENTIFIER = macro.bitesizeweaningfood;
				PRODUCT_NAME = "$(TARGET_NAME)";
				SWIFT_EMIT_LOC_STRINGS = YES;
				SWIFT_VERSION = 5.0;
				TARGETED_DEVICE_FAMILY = "1,2";
			};
			name = Debug;
		};
		F1ABDF872AC28CA9005AAEC3 /* Release */ = {
			isa = XCBuildConfiguration;
			buildSettings = {
				ASSETCATALOG_COMPILER_APPICON_NAME = AppIcon;
				ASSETCATALOG_COMPILER_GLOBAL_ACCENT_COLOR_NAME = AccentColor;
				CODE_SIGN_ENTITLEMENTS = bitesize/bitesize.entitlements;
				CODE_SIGN_STYLE = Automatic;
				CURRENT_PROJECT_VERSION = 1;
				DEVELOPMENT_ASSET_PATHS = "bitesize/Preview\\ Content";
				DEVELOPMENT_TEAM = 5HAHSL2Z4H;
				ENABLE_PREVIEWS = YES;
				GENERATE_INFOPLIST_FILE = YES;
				INFOPLIST_FILE = bitesize/Info.plist;
				INFOPLIST_KEY_NSCameraUsageDescription = "For AR";
				INFOPLIST_KEY_UIApplicationSceneManifest_Generation = YES;
				INFOPLIST_KEY_UIApplicationSupportsIndirectInputEvents = YES;
				INFOPLIST_KEY_UILaunchScreen_Generation = YES;
				INFOPLIST_KEY_UIMainStoryboardFile = Main;
				INFOPLIST_KEY_UIRequiredDeviceCapabilities = "armv7 arkit";
				INFOPLIST_KEY_UIRequiresFullScreen = YES;
				INFOPLIST_KEY_UIStatusBarHidden = YES;
				INFOPLIST_KEY_UISupportedInterfaceOrientations = UIInterfaceOrientationPortrait;
				INFOPLIST_KEY_UISupportedInterfaceOrientations_iPad = "UIInterfaceOrientationPortrait UIInterfaceOrientationPortraitUpsideDown UIInterfaceOrientationLandscapeLeft UIInterfaceOrientationLandscapeRight";
				INFOPLIST_KEY_UISupportedInterfaceOrientations_iPhone = "UIInterfaceOrientationPortrait UIInterfaceOrientationLandscapeLeft UIInterfaceOrientationLandscapeRight";
				INFOPLIST_KEY_UIUserInterfaceStyle = Light;
				LD_RUNPATH_SEARCH_PATHS = (
					"$(inherited)",
					"@executable_path/Frameworks",
				);
				MARKETING_VERSION = 1.0;
				PRODUCT_BUNDLE_IDENTIFIER = macro.bitesizeweaningfood;
				PRODUCT_NAME = "$(TARGET_NAME)";
				SWIFT_EMIT_LOC_STRINGS = YES;
				SWIFT_VERSION = 5.0;
				TARGETED_DEVICE_FAMILY = "1,2";
			};
			name = Release;
		};
		F1ABDF892AC28CA9005AAEC3 /* Debug */ = {
			isa = XCBuildConfiguration;
			buildSettings = {
				ALWAYS_EMBED_SWIFT_STANDARD_LIBRARIES = YES;
				BUNDLE_LOADER = "$(TEST_HOST)";
				CODE_SIGN_STYLE = Automatic;
				CURRENT_PROJECT_VERSION = 1;
				DEVELOPMENT_TEAM = 92RA72FW2S;
				GENERATE_INFOPLIST_FILE = YES;
				IPHONEOS_DEPLOYMENT_TARGET = 16.4;
				MARKETING_VERSION = 1.0;
				PRODUCT_BUNDLE_IDENTIFIER = macro.bitesizeTests;
				PRODUCT_NAME = "$(TARGET_NAME)";
				SWIFT_EMIT_LOC_STRINGS = NO;
				SWIFT_VERSION = 5.0;
				TARGETED_DEVICE_FAMILY = "1,2";
				TEST_HOST = "$(BUILT_PRODUCTS_DIR)/bitesize.app/$(BUNDLE_EXECUTABLE_FOLDER_PATH)/bitesize";
			};
			name = Debug;
		};
		F1ABDF8A2AC28CA9005AAEC3 /* Release */ = {
			isa = XCBuildConfiguration;
			buildSettings = {
				ALWAYS_EMBED_SWIFT_STANDARD_LIBRARIES = YES;
				BUNDLE_LOADER = "$(TEST_HOST)";
				CODE_SIGN_STYLE = Automatic;
				CURRENT_PROJECT_VERSION = 1;
				DEVELOPMENT_TEAM = 92RA72FW2S;
				GENERATE_INFOPLIST_FILE = YES;
				IPHONEOS_DEPLOYMENT_TARGET = 16.4;
				MARKETING_VERSION = 1.0;
				PRODUCT_BUNDLE_IDENTIFIER = macro.bitesizeTests;
				PRODUCT_NAME = "$(TARGET_NAME)";
				SWIFT_EMIT_LOC_STRINGS = NO;
				SWIFT_VERSION = 5.0;
				TARGETED_DEVICE_FAMILY = "1,2";
				TEST_HOST = "$(BUILT_PRODUCTS_DIR)/bitesize.app/$(BUNDLE_EXECUTABLE_FOLDER_PATH)/bitesize";
			};
			name = Release;
		};
		F1ABDF8C2AC28CA9005AAEC3 /* Debug */ = {
			isa = XCBuildConfiguration;
			buildSettings = {
				ALWAYS_EMBED_SWIFT_STANDARD_LIBRARIES = YES;
				CODE_SIGN_STYLE = Automatic;
				CURRENT_PROJECT_VERSION = 1;
				DEVELOPMENT_TEAM = 92RA72FW2S;
				GENERATE_INFOPLIST_FILE = YES;
				MARKETING_VERSION = 1.0;
				PRODUCT_BUNDLE_IDENTIFIER = macro.bitesizeUITests;
				PRODUCT_NAME = "$(TARGET_NAME)";
				SWIFT_EMIT_LOC_STRINGS = NO;
				SWIFT_VERSION = 5.0;
				TARGETED_DEVICE_FAMILY = "1,2";
				TEST_TARGET_NAME = bitesize;
			};
			name = Debug;
		};
		F1ABDF8D2AC28CA9005AAEC3 /* Release */ = {
			isa = XCBuildConfiguration;
			buildSettings = {
				ALWAYS_EMBED_SWIFT_STANDARD_LIBRARIES = YES;
				CODE_SIGN_STYLE = Automatic;
				CURRENT_PROJECT_VERSION = 1;
				DEVELOPMENT_TEAM = 92RA72FW2S;
				GENERATE_INFOPLIST_FILE = YES;
				MARKETING_VERSION = 1.0;
				PRODUCT_BUNDLE_IDENTIFIER = macro.bitesizeUITests;
				PRODUCT_NAME = "$(TARGET_NAME)";
				SWIFT_EMIT_LOC_STRINGS = NO;
				SWIFT_VERSION = 5.0;
				TARGETED_DEVICE_FAMILY = "1,2";
				TEST_TARGET_NAME = bitesize;
			};
			name = Release;
		};
/* End XCBuildConfiguration section */

/* Begin XCConfigurationList section */
		F1ABDF5C2AC28CA8005AAEC3 /* Build configuration list for PBXProject "bitesize" */ = {
			isa = XCConfigurationList;
			buildConfigurations = (
				F1ABDF832AC28CA9005AAEC3 /* Debug */,
				F1ABDF842AC28CA9005AAEC3 /* Release */,
			);
			defaultConfigurationIsVisible = 0;
			defaultConfigurationName = Release;
		};
		F1ABDF852AC28CA9005AAEC3 /* Build configuration list for PBXNativeTarget "bitesize" */ = {
			isa = XCConfigurationList;
			buildConfigurations = (
				F1ABDF862AC28CA9005AAEC3 /* Debug */,
				F1ABDF872AC28CA9005AAEC3 /* Release */,
			);
			defaultConfigurationIsVisible = 0;
			defaultConfigurationName = Release;
		};
		F1ABDF882AC28CA9005AAEC3 /* Build configuration list for PBXNativeTarget "bitesizeTests" */ = {
			isa = XCConfigurationList;
			buildConfigurations = (
				F1ABDF892AC28CA9005AAEC3 /* Debug */,
				F1ABDF8A2AC28CA9005AAEC3 /* Release */,
			);
			defaultConfigurationIsVisible = 0;
			defaultConfigurationName = Release;
		};
		F1ABDF8B2AC28CA9005AAEC3 /* Build configuration list for PBXNativeTarget "bitesizeUITests" */ = {
			isa = XCConfigurationList;
			buildConfigurations = (
				F1ABDF8C2AC28CA9005AAEC3 /* Debug */,
				F1ABDF8D2AC28CA9005AAEC3 /* Release */,
			);
			defaultConfigurationIsVisible = 0;
			defaultConfigurationName = Release;
		};
/* End XCConfigurationList section */

/* Begin XCRemoteSwiftPackageReference section */
		F13B5D382B04F3AA00341B94 /* XCRemoteSwiftPackageReference "ChartView" */ = {
			isa = XCRemoteSwiftPackageReference;
			repositoryURL = "https://github.com/AppPear/ChartView";
			requirement = {
				kind = upToNextMajorVersion;
				minimumVersion = 1.5.5;
			};
		};
		F1CBBF402ADD6539003A6B81 /* XCRemoteSwiftPackageReference "firebase-ios-sdk" */ = {
			isa = XCRemoteSwiftPackageReference;
			repositoryURL = "https://github.com/firebase/firebase-ios-sdk.git";
			requirement = {
				kind = upToNextMajorVersion;
				minimumVersion = 10.16.0;
			};
		};
/* End XCRemoteSwiftPackageReference section */

/* Begin XCSwiftPackageProductDependency section */
		F13B5D392B04F3AA00341B94 /* SwiftUICharts */ = {
			isa = XCSwiftPackageProductDependency;
			package = F13B5D382B04F3AA00341B94 /* XCRemoteSwiftPackageReference "ChartView" */;
			productName = SwiftUICharts;
		};
		F13B5D4B2B068FD100341B94 /* FirebaseStorage */ = {
			isa = XCSwiftPackageProductDependency;
			package = F1CBBF402ADD6539003A6B81 /* XCRemoteSwiftPackageReference "firebase-ios-sdk" */;
			productName = FirebaseStorage;
		};
		F1CBBF412ADD6539003A6B81 /* FirebaseAnalytics */ = {
			isa = XCSwiftPackageProductDependency;
			package = F1CBBF402ADD6539003A6B81 /* XCRemoteSwiftPackageReference "firebase-ios-sdk" */;
			productName = FirebaseAnalytics;
		};
		F1CBBF432ADD6539003A6B81 /* FirebaseAuth */ = {
			isa = XCSwiftPackageProductDependency;
			package = F1CBBF402ADD6539003A6B81 /* XCRemoteSwiftPackageReference "firebase-ios-sdk" */;
			productName = FirebaseAuth;
		};
		F1CBBF452ADD6539003A6B81 /* FirebaseAuthCombine-Community */ = {
			isa = XCSwiftPackageProductDependency;
			package = F1CBBF402ADD6539003A6B81 /* XCRemoteSwiftPackageReference "firebase-ios-sdk" */;
			productName = "FirebaseAuthCombine-Community";
		};
		F1CBBF472ADD6539003A6B81 /* FirebaseFirestore */ = {
			isa = XCSwiftPackageProductDependency;
			package = F1CBBF402ADD6539003A6B81 /* XCRemoteSwiftPackageReference "firebase-ios-sdk" */;
			productName = FirebaseFirestore;
		};
		F1CBBF492ADD6539003A6B81 /* FirebaseFirestoreCombine-Community */ = {
			isa = XCSwiftPackageProductDependency;
			package = F1CBBF402ADD6539003A6B81 /* XCRemoteSwiftPackageReference "firebase-ios-sdk" */;
			productName = "FirebaseFirestoreCombine-Community";
		};
		F1CBBF4B2ADD6539003A6B81 /* FirebaseFirestoreSwift */ = {
			isa = XCSwiftPackageProductDependency;
			package = F1CBBF402ADD6539003A6B81 /* XCRemoteSwiftPackageReference "firebase-ios-sdk" */;
			productName = FirebaseFirestoreSwift;
		};
/* End XCSwiftPackageProductDependency section */
	};
	rootObject = F1ABDF592AC28CA8005AAEC3 /* Project object */;
}
